
Microsoft Visual Studio Solution File, Format Version 12.00
# Visual Studio Version 16
VisualStudioVersion = 16.0.32510.428
MinimumVisualStudioVersion = 10.0.40219.1
Project("{FAE04EC0-301F-11D3-BF4B-00C04F79EFBC}") = "P01.SoftUniReception", "P01.SoftUniReception\P01.SoftUniReception.csproj", "{5574FF7F-5FBA-433F-AC46-803945557FCF}"
EndProject
Project("{FAE04EC0-301F-11D3-BF4B-00C04F79EFBC}") = "P02.ArrayModifier", "P02.ArrayModifier\P02.ArrayModifier.csproj", "{07B656CA-9377-407F-BC3D-A730F761EA10}"
EndProject
Project("{FAE04EC0-301F-11D3-BF4B-00C04F79EFBC}") = "P03.Numbers", "P03.Numbers\P03.Numbers.csproj", "{0C0D5973-3645-4923-9C26-52121162465A}"
EndProject
Global
	GlobalSection(SolutionConfigurationPlatforms) = preSolution
		Debug|Any CPU = Debug|Any CPU
		Release|Any CPU = Release|Any CPU
	EndGlobalSection
	GlobalSection(ProjectConfigurationPlatforms) = postSolution
		{5574FF7F-5FBA-433F-AC46-803945557FCF}.Debug|Any CPU.ActiveCfg = Debug|Any CPU
		{5574FF7F-5FBA-433F-AC46-803945557FCF}.Debug|Any CPU.Build.0 = Debug|Any CPU
		{5574FF7F-5FBA-433F-AC46-803945557FCF}.Release|Any CPU.ActiveCfg = Release|Any CPU
		{5574FF7F-5FBA-433F-AC46-803945557FCF}.Release|Any CPU.Build.0 = Release|Any CPU
		{07B656CA-9377-407F-BC3D-A730F761EA10}.Debug|Any CPU.ActiveCfg = Debug|Any CPU
		{07B656CA-9377-407F-BC3D-A730F761EA10}.Debug|Any CPU.Build.0 = Debug|Any CPU
		{07B656CA-9377-407F-BC3D-A730F761EA10}.Release|Any CPU.ActiveCfg = Release|Any CPU
		{07B656CA-9377-407F-BC3D-A730F761EA10}.Release|Any CPU.Build.0 = Release|Any CPU
		{0C0D5973-3645-4923-9C26-52121162465A}.Debug|Any CPU.ActiveCfg = Debug|Any CPU
		{0C0D5973-3645-4923-9C26-52121162465A}.Debug|Any CPU.Build.0 = Debug|Any CPU
		{0C0D5973-3645-4923-9C26-52121162465A}.Release|Any CPU.ActiveCfg = Release|Any CPU
		{0C0D5973-3645-4923-9C26-52121162465A}.Release|Any CPU.Build.0 = Release|Any CPU
	EndGlobalSection
	GlobalSection(SolutionProperties) = preSolution
		HideSolutionNode = FALSE
	EndGlobalSection
	GlobalSection(ExtensibilityGlobals) = postSolution
		SolutionGuid = {88C7329F-3B62-4FE0-8FFB-E56D7F5F5AC4}
	EndGlobalSection
EndGlobal
