
Microsoft Visual Studio Solution File, Format Version 12.00
# Visual Studio Version 17
VisualStudioVersion = 17.3.32929.385
MinimumVisualStudioVersion = 10.0.40219.1
Project("{FAE04EC0-301F-11D3-BF4B-00C04F79EFBC}") = "P01.SortEvenNumbers", "P01.SortEvenNumbers\P01.SortEvenNumbers.csproj", "{E1E7C504-3998-41FE-96A3-3D0D89A5E2E1}"
EndProject
Project("{FAE04EC0-301F-11D3-BF4B-00C04F79EFBC}") = "P02.SumNumbers", "P02.SumNumbers\P02.SumNumbers.csproj", "{56ACD952-C114-47B4-AF2E-7BCB1742027B}"
EndProject
Project("{FAE04EC0-301F-11D3-BF4B-00C04F79EFBC}") = "P03.CountUppercaseWords", "P03.CountUppercaseWords\P03.CountUppercaseWords.csproj", "{C3635A70-4B5D-48B2-A51F-D40AA94A021A}"
EndProject
Project("{FAE04EC0-301F-11D3-BF4B-00C04F79EFBC}") = "P04.AddVAT", "P04.AddVAT\P04.AddVAT.csproj", "{FBF7849C-1092-4FD3-BDC6-C3BEA4609E1A}"
EndProject
Project("{FAE04EC0-301F-11D3-BF4B-00C04F79EFBC}") = "P05.FilterByAge", "P05.FilterByAge\P05.FilterByAge.csproj", "{631F86A7-27D6-4F3F-B299-C7B2BA11D4E9}"
EndProject
Global
	GlobalSection(SolutionConfigurationPlatforms) = preSolution
		Debug|Any CPU = Debug|Any CPU
		Release|Any CPU = Release|Any CPU
	EndGlobalSection
	GlobalSection(ProjectConfigurationPlatforms) = postSolution
		{E1E7C504-3998-41FE-96A3-3D0D89A5E2E1}.Debug|Any CPU.ActiveCfg = Debug|Any CPU
		{E1E7C504-3998-41FE-96A3-3D0D89A5E2E1}.Debug|Any CPU.Build.0 = Debug|Any CPU
		{E1E7C504-3998-41FE-96A3-3D0D89A5E2E1}.Release|Any CPU.ActiveCfg = Release|Any CPU
		{E1E7C504-3998-41FE-96A3-3D0D89A5E2E1}.Release|Any CPU.Build.0 = Release|Any CPU
		{56ACD952-C114-47B4-AF2E-7BCB1742027B}.Debug|Any CPU.ActiveCfg = Debug|Any CPU
		{56ACD952-C114-47B4-AF2E-7BCB1742027B}.Debug|Any CPU.Build.0 = Debug|Any CPU
		{56ACD952-C114-47B4-AF2E-7BCB1742027B}.Release|Any CPU.ActiveCfg = Release|Any CPU
		{56ACD952-C114-47B4-AF2E-7BCB1742027B}.Release|Any CPU.Build.0 = Release|Any CPU
		{C3635A70-4B5D-48B2-A51F-D40AA94A021A}.Debug|Any CPU.ActiveCfg = Debug|Any CPU
		{C3635A70-4B5D-48B2-A51F-D40AA94A021A}.Debug|Any CPU.Build.0 = Debug|Any CPU
		{C3635A70-4B5D-48B2-A51F-D40AA94A021A}.Release|Any CPU.ActiveCfg = Release|Any CPU
		{C3635A70-4B5D-48B2-A51F-D40AA94A021A}.Release|Any CPU.Build.0 = Release|Any CPU
		{FBF7849C-1092-4FD3-BDC6-C3BEA4609E1A}.Debug|Any CPU.ActiveCfg = Debug|Any CPU
		{FBF7849C-1092-4FD3-BDC6-C3BEA4609E1A}.Debug|Any CPU.Build.0 = Debug|Any CPU
		{FBF7849C-1092-4FD3-BDC6-C3BEA4609E1A}.Release|Any CPU.ActiveCfg = Release|Any CPU
		{FBF7849C-1092-4FD3-BDC6-C3BEA4609E1A}.Release|Any CPU.Build.0 = Release|Any CPU
		{631F86A7-27D6-4F3F-B299-C7B2BA11D4E9}.Debug|Any CPU.ActiveCfg = Debug|Any CPU
		{631F86A7-27D6-4F3F-B299-C7B2BA11D4E9}.Debug|Any CPU.Build.0 = Debug|Any CPU
		{631F86A7-27D6-4F3F-B299-C7B2BA11D4E9}.Release|Any CPU.ActiveCfg = Release|Any CPU
		{631F86A7-27D6-4F3F-B299-C7B2BA11D4E9}.Release|Any CPU.Build.0 = Release|Any CPU
	EndGlobalSection
	GlobalSection(SolutionProperties) = preSolution
		HideSolutionNode = FALSE
	EndGlobalSection
	GlobalSection(ExtensibilityGlobals) = postSolution
		SolutionGuid = {77256E15-9B6F-489E-B0F6-03032097CAB2}
	EndGlobalSection
EndGlobal
