
Microsoft Visual Studio Solution File, Format Version 12.00
# Visual Studio Version 17
VisualStudioVersion = 17.3.32929.385
MinimumVisualStudioVersion = 10.0.40219.1
Project("{9A19103F-16F7-4668-BE54-9A1E7A4F7556}") = "Skeleton", "Skeleton\Skeleton.csproj", "{17FC5A5E-76D3-43C6-828F-A52D98413D48}"
EndProject
Project("{9A19103F-16F7-4668-BE54-9A1E7A4F7556}") = "Skeleton.Tests", "Skeleton.Tests\Skeleton.Tests.csproj", "{8D1D722E-2AF7-470B-9B88-77FE65F52F94}"
EndProject
Global
	GlobalSection(SolutionConfigurationPlatforms) = preSolution
		Debug|Any CPU = Debug|Any CPU
		Release|Any CPU = Release|Any CPU
	EndGlobalSection
	GlobalSection(ProjectConfigurationPlatforms) = postSolution
		{17FC5A5E-76D3-43C6-828F-A52D98413D48}.Debug|Any CPU.ActiveCfg = Debug|Any CPU
		{17FC5A5E-76D3-43C6-828F-A52D98413D48}.Debug|Any CPU.Build.0 = Debug|Any CPU
		{17FC5A5E-76D3-43C6-828F-A52D98413D48}.Release|Any CPU.ActiveCfg = Release|Any CPU
		{17FC5A5E-76D3-43C6-828F-A52D98413D48}.Release|Any CPU.Build.0 = Release|Any CPU
		{8D1D722E-2AF7-470B-9B88-77FE65F52F94}.Debug|Any CPU.ActiveCfg = Debug|Any CPU
		{8D1D722E-2AF7-470B-9B88-77FE65F52F94}.Debug|Any CPU.Build.0 = Debug|Any CPU
		{8D1D722E-2AF7-470B-9B88-77FE65F52F94}.Release|Any CPU.ActiveCfg = Release|Any CPU
		{8D1D722E-2AF7-470B-9B88-77FE65F52F94}.Release|Any CPU.Build.0 = Release|Any CPU
	EndGlobalSection
	GlobalSection(SolutionProperties) = preSolution
		HideSolutionNode = FALSE
	EndGlobalSection
	GlobalSection(ExtensibilityGlobals) = postSolution
		SolutionGuid = {1E530692-E72A-4B24-BDB5-07AFDD583DAD}
	EndGlobalSection
EndGlobal
