
Microsoft Visual Studio Solution File, Format Version 12.00
# Visual Studio Version 17
VisualStudioVersion = 17.3.32929.385
MinimumVisualStudioVersion = 10.0.40219.1
Project("{9A19103F-16F7-4668-BE54-9A1E7A4F7556}") = "BaristaContest", "BaristaContest\BaristaContest.csproj", "{29EFDAC1-1A71-4A98-8BB4-387D9F72A357}"
EndProject
Project("{9A19103F-16F7-4668-BE54-9A1E7A4F7556}") = "Help-A-Mole", "Help-A-Mole\Help-A-Mole.csproj", "{5F767EB3-B535-4894-A054-AE1A0C58E48F}"
EndProject
Project("{9A19103F-16F7-4668-BE54-9A1E7A4F7556}") = "Basketball", "Basketball\Basketball.csproj", "{8D54E21D-E71E-4C2D-B042-E6860644798C}"
EndProject
Global
	GlobalSection(SolutionConfigurationPlatforms) = preSolution
		Debug|Any CPU = Debug|Any CPU
		Release|Any CPU = Release|Any CPU
	EndGlobalSection
	GlobalSection(ProjectConfigurationPlatforms) = postSolution
		{29EFDAC1-1A71-4A98-8BB4-387D9F72A357}.Debug|Any CPU.ActiveCfg = Debug|Any CPU
		{29EFDAC1-1A71-4A98-8BB4-387D9F72A357}.Debug|Any CPU.Build.0 = Debug|Any CPU
		{29EFDAC1-1A71-4A98-8BB4-387D9F72A357}.Release|Any CPU.ActiveCfg = Release|Any CPU
		{29EFDAC1-1A71-4A98-8BB4-387D9F72A357}.Release|Any CPU.Build.0 = Release|Any CPU
		{5F767EB3-B535-4894-A054-AE1A0C58E48F}.Debug|Any CPU.ActiveCfg = Debug|Any CPU
		{5F767EB3-B535-4894-A054-AE1A0C58E48F}.Debug|Any CPU.Build.0 = Debug|Any CPU
		{5F767EB3-B535-4894-A054-AE1A0C58E48F}.Release|Any CPU.ActiveCfg = Release|Any CPU
		{5F767EB3-B535-4894-A054-AE1A0C58E48F}.Release|Any CPU.Build.0 = Release|Any CPU
		{8D54E21D-E71E-4C2D-B042-E6860644798C}.Debug|Any CPU.ActiveCfg = Debug|Any CPU
		{8D54E21D-E71E-4C2D-B042-E6860644798C}.Debug|Any CPU.Build.0 = Debug|Any CPU
		{8D54E21D-E71E-4C2D-B042-E6860644798C}.Release|Any CPU.ActiveCfg = Release|Any CPU
		{8D54E21D-E71E-4C2D-B042-E6860644798C}.Release|Any CPU.Build.0 = Release|Any CPU
	EndGlobalSection
	GlobalSection(SolutionProperties) = preSolution
		HideSolutionNode = FALSE
	EndGlobalSection
	GlobalSection(ExtensibilityGlobals) = postSolution
		SolutionGuid = {D350695D-158E-4C4A-AB40-264720CD05B0}
	EndGlobalSection
EndGlobal
