
Microsoft Visual Studio Solution File, Format Version 12.00
# Visual Studio Version 16
VisualStudioVersion = 16.0.32510.428
MinimumVisualStudioVersion = 10.0.40219.1
Project("{2150E333-8FDC-42A3-9474-1A3956D46DE8}") = "Lab1 - Intro", "Lab1 - Intro", "{80716974-0D15-4FC0-B4F3-E708A282F05E}"
EndProject
Project("{2150E333-8FDC-42A3-9474-1A3956D46DE8}") = "Ex1 - Intro", "Ex1 - Intro", "{22C1D154-EC2E-46A5-9E05-66977D92D77A}"
EndProject
Project("{9A19103F-16F7-4668-BE54-9A1E7A4F7556}") = "P01.HelloSoftUni", "Lab1 - Intro\P01.HelloSoftUni\P01.HelloSoftUni.csproj", "{D48618A6-06CE-4881-8367-F6A3A95B255C}"
EndProject
Project("{9A19103F-16F7-4668-BE54-9A1E7A4F7556}") = "P02.NumsOneToTen", "Lab1 - Intro\P02.NumsOneToTen\P02.NumsOneToTen.csproj", "{56F02F87-B732-4C60-AF65-7FA36A089010}"
EndProject
Project("{9A19103F-16F7-4668-BE54-9A1E7A4F7556}") = "P03.RectangleArea", "Lab1 - Intro\P03.RectangleArea\P03.RectangleArea.csproj", "{7356BFF0-D322-43DF-9324-1AE4E44066A8}"
EndProject
Project("{9A19103F-16F7-4668-BE54-9A1E7A4F7556}") = "P04.InchToCm", "Lab1 - Intro\P04.InchToCm\P04.InchToCm.csproj", "{FB7A400C-9BDE-4EB3-859A-F658F5130102}"
EndProject
Project("{9A19103F-16F7-4668-BE54-9A1E7A4F7556}") = "P07.ProjectsCreation", "Lab1 - Intro\P07.ProjectsCreation\P07.ProjectsCreation.csproj", "{6B451DF4-BF80-42A6-8D68-A7515F85A155}"
EndProject
Project("{9A19103F-16F7-4668-BE54-9A1E7A4F7556}") = "P08.PetShop", "Lab1 - Intro\P08.PetShop\P08.PetShop.csproj", "{C548B946-0988-4BF9-85C1-53E39898231E}"
EndProject
Project("{9A19103F-16F7-4668-BE54-9A1E7A4F7556}") = "P09.YardGreening", "Lab1 - Intro\P09.YardGreening\P09.YardGreening.csproj", "{304613C0-F8D7-4ADF-B94F-020E27E30B7D}"
EndProject
Project("{9A19103F-16F7-4668-BE54-9A1E7A4F7556}") = "P01.DollarToLeva", "Ex1 - Intro\P01.DollarToLeva\P01.DollarToLeva.csproj", "{DDC39569-7041-4704-BA12-D903B2FF78F3}"
EndProject
Project("{9A19103F-16F7-4668-BE54-9A1E7A4F7556}") = "P02.RadiansToDegrees", "Ex1 - Intro\P02.RadiansToDegrees\P02.RadiansToDegrees.csproj", "{34A76471-6ECA-472C-A5CC-09AE755F6758}"
EndProject
Project("{9A19103F-16F7-4668-BE54-9A1E7A4F7556}") = "P05.GreetingCurrentUser", "Lab1 - Intro\P05.GreetingCurrentUser\P05.GreetingCurrentUser.csproj", "{28BCF642-DF1A-4D10-8161-DCC67CAA8197}"
EndProject
Project("{9A19103F-16F7-4668-BE54-9A1E7A4F7556}") = "P06.Concat", "Lab1 - Intro\P06.Concat\P06.Concat.csproj", "{80943FA3-952F-4193-93DF-6744DAEB7272}"
EndProject
Project("{9A19103F-16F7-4668-BE54-9A1E7A4F7556}") = "P03.DepositCalculator", "Ex1 - Intro\P03.DepositCalculator\P03.DepositCalculator.csproj", "{943E7C65-E311-4C40-AEB1-4C2BDC4C6A3E}"
EndProject
Project("{9A19103F-16F7-4668-BE54-9A1E7A4F7556}") = "P04.VacationBookList", "Ex1 - Intro\P04.VacationBookList\P04.VacationBookList.csproj", "{D10B06B9-F66A-4FC5-84E6-AEC7921C20C9}"
EndProject
Project("{9A19103F-16F7-4668-BE54-9A1E7A4F7556}") = "P05.SuppliesForSchool", "Ex1 - Intro\P05.SuppliesForSchool\P05.SuppliesForSchool.csproj", "{17832B68-5433-4D96-9721-16D19EE651CB}"
EndProject
Project("{9A19103F-16F7-4668-BE54-9A1E7A4F7556}") = "P06.Reapinting", "Ex1 - Intro\P6.Reapinting\P06.Reapinting.csproj", "{F262666A-CCAF-472B-942C-28FE366853D6}"
EndProject
Project("{9A19103F-16F7-4668-BE54-9A1E7A4F7556}") = "P07.FoodDelivery", "Ex1 - Intro\P07.FoodDelivery\P07.FoodDelivery.csproj", "{6BD78061-DC25-442B-9ADC-E43C5CA03283}"
EndProject
Project("{9A19103F-16F7-4668-BE54-9A1E7A4F7556}") = "P08.Basketball Equipment", "Ex1 - Intro\P08.Basketball Equipment\P08.Basketball Equipment.csproj", "{D0FB6261-FBA2-4401-A420-5F8E1F83A754}"
EndProject
Project("{9A19103F-16F7-4668-BE54-9A1E7A4F7556}") = "P09.FishTank", "Ex1 - Intro\P09.FishTank\P09.FishTank.csproj", "{17069B74-B9B3-4BA9-974D-619BB8F1636C}"
EndProject
Project("{2150E333-8FDC-42A3-9474-1A3956D46DE8}") = "Lab2 - Conditional Statements", "Lab2 - Conditional Statements", "{0FE21B0A-8E54-4D75-A5EA-5A9245ABFA4D}"
EndProject
Project("{9A19103F-16F7-4668-BE54-9A1E7A4F7556}") = "P01.ExcellentResult", "Lab2 - Conditional Statements\P01.ExcellentResult\P01.ExcellentResult.csproj", "{D9B11C20-BBA0-4854-91C4-08A48DEF6617}"
EndProject
Project("{9A19103F-16F7-4668-BE54-9A1E7A4F7556}") = "P02.GreaterNumber", "Lab2 - Conditional Statements\P02.GreaterNumber\P02.GreaterNumber.csproj", "{4D892D65-E9CB-4814-8400-63E9DDBF6955}"
EndProject
Project("{9A19103F-16F7-4668-BE54-9A1E7A4F7556}") = "P03.EvenOrOdd", "Lab2 - Conditional Statements\P03.EvenOrOdd\P03.EvenOrOdd.csproj", "{0C78900D-46D8-4617-8D15-255D0EC11850}"
EndProject
Project("{9A19103F-16F7-4668-BE54-9A1E7A4F7556}") = "P04.PasswordGuess", "Lab2 - Conditional Statements\P04.PasswordGuess\P04.PasswordGuess.csproj", "{ECE58721-F78E-4189-8092-734FD26B870D}"
EndProject
Project("{9A19103F-16F7-4668-BE54-9A1E7A4F7556}") = "P05.NumberChecker", "Lab2 - Conditional Statements\P05.NumberChecker\P05.NumberChecker.csproj", "{FC9623A7-6454-43A9-B1DB-8D4FFB4C1848}"
EndProject
Project("{9A19103F-16F7-4668-BE54-9A1E7A4F7556}") = "P06.SpeedInfo", "Lab2 - Conditional Statements\P06.SpeedInfo\P06.SpeedInfo.csproj", "{2E276913-4820-4166-9669-C06D86C97FF8}"
EndProject
Project("{9A19103F-16F7-4668-BE54-9A1E7A4F7556}") = "P07.AreaOfFigures", "Lab2 - Conditional Statements\P07.AreaOfFigures\P07.AreaOfFigures.csproj", "{2E4B2B69-A4C3-4936-8871-785AAC688379}"
EndProject
Project("{2150E333-8FDC-42A3-9474-1A3956D46DE8}") = "Ex2 - Conditional Statements", "Ex2 - Conditional Statements", "{8572BEED-00E8-4151-8420-DA4598C6CD97}"
EndProject
Project("{9A19103F-16F7-4668-BE54-9A1E7A4F7556}") = "P01.SumSeconds", "Ex2 - Conditional Statements\P01.SumSeconds\P01.SumSeconds.csproj", "{53E99384-B628-4821-B4F2-840794DA9DC6}"
EndProject
Project("{9A19103F-16F7-4668-BE54-9A1E7A4F7556}") = "P02.BonusScore", "Ex2 - Conditional Statements\P02.BonusScore\P02.BonusScore.csproj", "{617AF72E-6DA5-4588-A4B9-B975DF65693F}"
EndProject
Project("{9A19103F-16F7-4668-BE54-9A1E7A4F7556}") = "P03.TimePlus15Min", "Ex2 - Conditional Statements\P03.TimePlus15Min\P03.TimePlus15Min.csproj", "{6ED267B7-4389-409A-A66B-F1289117F8EB}"
EndProject
Project("{9A19103F-16F7-4668-BE54-9A1E7A4F7556}") = "P04.ToyShop", "Ex2 - Conditional Statements\P04.ToyShop\P04.ToyShop.csproj", "{EA983B69-096B-494C-93F5-1BFACFA729F5}"
EndProject
Project("{9A19103F-16F7-4668-BE54-9A1E7A4F7556}") = "P05.GodzillaVsKong", "Ex2 - Conditional Statements\P05.GodzillaVsKong\P05.GodzillaVsKong.csproj", "{FDC94AA7-C1BB-480D-9312-21E1077FE833}"
EndProject
Project("{9A19103F-16F7-4668-BE54-9A1E7A4F7556}") = "P06.WorldSwimmingRecord", "Ex2 - Conditional Statements\P06.WorldSwimmingRecord\P06.WorldSwimmingRecord.csproj", "{540D4A9D-C8DF-44E9-936C-DD8707BB1432}"
EndProject
Project("{9A19103F-16F7-4668-BE54-9A1E7A4F7556}") = "P07.Shopping", "Ex2 - Conditional Statements\P07.Shopping\P07.Shopping.csproj", "{B776649A-9FCA-43E1-9B44-94443B3B5F65}"
EndProject
Project("{9A19103F-16F7-4668-BE54-9A1E7A4F7556}") = "P08.LunchBreak", "Ex2 - Conditional Statements\P08.LunchBreak\P08.LunchBreak.csproj", "{D8A1F90D-FC66-457B-B0A9-DF83EC856660}"
EndProject
Project("{2150E333-8FDC-42A3-9474-1A3956D46DE8}") = "Lab3 - Conditional Statements Advanced", "Lab3 - Conditional Statements Advanced", "{02691048-62E7-4259-A689-AC0BCB826BB1}"
EndProject
Project("{9A19103F-16F7-4668-BE54-9A1E7A4F7556}") = "P01.DayOfWeek", "Lab3 - Conditional Statements Advanced\P01.DayOfWeek\P01.DayOfWeek.csproj", "{4FCF6025-6FAB-430A-8A3A-CD4DCFFDE40E}"
EndProject
Project("{9A19103F-16F7-4668-BE54-9A1E7A4F7556}") = "P02.WeekendOrWorkingDay", "Lab3 - Conditional Statements Advanced\P02.WeekendOrWorkingDay\P02.WeekendOrWorkingDay.csproj", "{764956E8-5A45-47B1-969D-D88CE312F83F}"
EndProject
Project("{9A19103F-16F7-4668-BE54-9A1E7A4F7556}") = "P03.AnimalType", "Lab3 - Conditional Statements Advanced\P03.AnimalType\P03.AnimalType.csproj", "{70DEEFC7-F6FA-44CE-A8AA-63CBE17B0D37}"
EndProject
Project("{9A19103F-16F7-4668-BE54-9A1E7A4F7556}") = "P04.PersonalTitles", "Lab3 - Conditional Statements Advanced\P04.PersonalTitles\P04.PersonalTitles.csproj", "{D0EE8CD3-7CC0-429C-BF73-A00BBC8BED94}"
EndProject
Project("{9A19103F-16F7-4668-BE54-9A1E7A4F7556}") = "P05.SmallShop", "Lab3 - Conditional Statements Advanced\P05.SmallShop\P05.SmallShop.csproj", "{1DF88094-3C0E-41B7-9F49-3D1E02B02335}"
EndProject
Project("{9A19103F-16F7-4668-BE54-9A1E7A4F7556}") = "P06.NumbersInRange", "Lab3 - Conditional Statements Advanced\P06.NumbersInRange\P06.NumbersInRange.csproj", "{13EA8D36-6311-4A35-9B42-28E69B7927DA}"
EndProject
Project("{9A19103F-16F7-4668-BE54-9A1E7A4F7556}") = "P07.WorkingHours", "Lab3 - Conditional Statements Advanced\P07.WorkingHours\P07.WorkingHours.csproj", "{3100EC4A-1F74-4A20-A85A-61E3CCF184E9}"
EndProject
Project("{9A19103F-16F7-4668-BE54-9A1E7A4F7556}") = "P08.CinemaTickets", "Lab3 - Conditional Statements Advanced\P08.CinemaTickets\P08.CinemaTickets.csproj", "{BBADB09A-9FDA-4644-8ACA-687F6559C9A1}"
EndProject
Project("{9A19103F-16F7-4668-BE54-9A1E7A4F7556}") = "P09.FruitOrVegetable", "Lab3 - Conditional Statements Advanced\P09.FruitOrVegetable\P09.FruitOrVegetable.csproj", "{B0F34C6F-9921-4BDD-BDF2-61B8F905DD7F}"
EndProject
Project("{9A19103F-16F7-4668-BE54-9A1E7A4F7556}") = "P10.InvalidNumber", "Lab3 - Conditional Statements Advanced\P10.InvalidNumber\P10.InvalidNumber.csproj", "{721E02FC-7077-4A32-B7AF-05DABB55169E}"
EndProject
Project("{9A19103F-16F7-4668-BE54-9A1E7A4F7556}") = "P11.FruitShop", "Lab3 - Conditional Statements Advanced\P11.FruitShop\P11.FruitShop.csproj", "{34127C61-9F0B-4204-B113-C8990BE57729}"
EndProject
Project("{9A19103F-16F7-4668-BE54-9A1E7A4F7556}") = "P12.TradeCommissions", "Lab3 - Conditional Statements Advanced\P12.TradeCommissions\P12.TradeCommissions.csproj", "{32446C8E-F447-46EA-8A97-BBA78B8B0AB0}"
EndProject
Project("{2150E333-8FDC-42A3-9474-1A3956D46DE8}") = "Ex3 - Conditional Statements Advanced", "Ex3 - Conditional Statements Advanced", "{38569C0D-8C51-4C7A-8E6A-CCAF75C3B42D}"
EndProject
Project("{9A19103F-16F7-4668-BE54-9A1E7A4F7556}") = "P01.Cinema", "Ex3 - Conditional Statements Advanced\P01.Cinema\P01.Cinema.csproj", "{EADA0E75-1FB2-4DB1-BA97-4CF21A279164}"
EndProject
Project("{9A19103F-16F7-4668-BE54-9A1E7A4F7556}") = "P02.SummerOutfit", "Ex3 - Conditional Statements Advanced\P02.SummerOutfit\P02.SummerOutfit.csproj", "{457CC49A-CE2D-444A-A991-51A415B4FC13}"
EndProject
Project("{9A19103F-16F7-4668-BE54-9A1E7A4F7556}") = "P03.NewHouse", "Ex3 - Conditional Statements Advanced\P03.NewHouse\P03.NewHouse.csproj", "{9A32731D-FC63-4199-8613-235D55CA19AB}"
EndProject
Project("{9A19103F-16F7-4668-BE54-9A1E7A4F7556}") = "P04.FishingBoat", "Ex3 - Conditional Statements Advanced\P04.FishingBoat\P04.FishingBoat.csproj", "{5A39F74A-80E6-42DF-B2C0-8B7DDE2B7BC0}"
EndProject
Project("{9A19103F-16F7-4668-BE54-9A1E7A4F7556}") = "P05.Journey", "Ex3 - Conditional Statements Advanced\P05.Journey\P05.Journey.csproj", "{9BBA3108-BE18-4DEC-8520-E72114AB7D79}"
EndProject
Project("{9A19103F-16F7-4668-BE54-9A1E7A4F7556}") = "P06.OperationsBetweenNumbers", "Ex3 - Conditional Statements Advanced\P06.OperationsBetweenNumbers\P06.OperationsBetweenNumbers.csproj", "{385C4513-D7D2-4908-9244-D382711E8994}"
EndProject
Project("{9A19103F-16F7-4668-BE54-9A1E7A4F7556}") = "P07.HotelRoom", "Ex3 - Conditional Statements Advanced\P07.HotelRoom\P07.HotelRoom.csproj", "{E1C129A1-2151-4806-8CC1-91601A50B573}"
EndProject
Project("{9A19103F-16F7-4668-BE54-9A1E7A4F7556}") = "P08.OnTimeForTheExam", "Ex3 - Conditional Statements Advanced\P08.OnTimeForTheExam\P08.OnTimeForTheExam.csproj", "{5641C7B0-20F4-4419-B4CA-4CC867480BF6}"
EndProject
Project("{9A19103F-16F7-4668-BE54-9A1E7A4F7556}") = "P09.SkiTrip", "Ex3 - Conditional Statements Advanced\P09.SkiTrip\P09.SkiTrip.csproj", "{8BA1DF96-5A2B-46BA-954B-25B3909B1D82}"
EndProject
Project("{2150E333-8FDC-42A3-9474-1A3956D46DE8}") = "Lab4 - For loop", "Lab4 - For loop", "{5BA2A2D2-6224-4333-94A8-A5C82A4CA718}"
EndProject
Project("{FAE04EC0-301F-11D3-BF4B-00C04F79EFBC}") = "P01.NumbersFrom1To100", "Lab4 - For loop\P01.NumbersFrom1To100\P01.NumbersFrom1To100.csproj", "{AD78E452-61AC-4529-8DCA-3D477CD355A9}"
EndProject
Project("{FAE04EC0-301F-11D3-BF4B-00C04F79EFBC}") = "P02.NumbersNto1", "Lab4 - For loop\P02.NumbersNto1\P02.NumbersNto1.csproj", "{0A60DC23-D2B8-48DF-8317-8F08B2F64194}"
EndProject
Project("{FAE04EC0-301F-11D3-BF4B-00C04F79EFBC}") = "P03.Numbers1ToNWithStep3", "Lab4 - For loop\P03.Numbers1ToNWithStep3\P03.Numbers1ToNWithStep3.csproj", "{4F929D8A-FE35-4A59-A6DC-85A2B3CC2210}"
EndProject
Project("{FAE04EC0-301F-11D3-BF4B-00C04F79EFBC}") = "P04.EvenPowersOf2", "Lab4 - For loop\P04.EvenPowersOf2\P04.EvenPowersOf2.csproj", "{E92609AB-29C5-4022-930C-0EFF2C4C95F3}"
EndProject
Project("{FAE04EC0-301F-11D3-BF4B-00C04F79EFBC}") = "P05.CharacterSequence", "Lab4 - For loop\P05.CharacterSequence\P05.CharacterSequence.csproj", "{08A58681-C0F7-4D05-B779-0B6189CC72BA}"
EndProject
Project("{FAE04EC0-301F-11D3-BF4B-00C04F79EFBC}") = "P06.VowelsSum", "Lab4 - For loop\P06.VowelsSum\P06.VowelsSum.csproj", "{636B6B9C-ED18-4F97-97DF-8F181F74628C}"
EndProject
Project("{FAE04EC0-301F-11D3-BF4B-00C04F79EFBC}") = "P07.SumNumbers", "Lab4 - For loop\P07.SumNumbers\P07.SumNumbers.csproj", "{CC4EA0E0-10C5-4397-9B92-2DD336075AF1}"
EndProject
Project("{FAE04EC0-301F-11D3-BF4B-00C04F79EFBC}") = "P08.NumberSequence", "Lab4 - For loop\P08.NumberSequence\P08.NumberSequence.csproj", "{B9347304-18A1-408E-90C5-DDC6ACDBC0D4}"
EndProject
Project("{FAE04EC0-301F-11D3-BF4B-00C04F79EFBC}") = "P09.LeftAndRightSum", "Lab4 - For loop\P09.LeftAndRightSum\P09.LeftAndRightSum.csproj", "{2254D00B-9F41-4262-8F20-C410EE2B8369}"
EndProject
Project("{FAE04EC0-301F-11D3-BF4B-00C04F79EFBC}") = "P10.OddEvenSum", "Lab4 - For loop\P10.OddEvenSum\P10.OddEvenSum.csproj", "{9DA42093-344D-4AF4-837D-F99AC0061C25}"
EndProject
Project("{2150E333-8FDC-42A3-9474-1A3956D46DE8}") = "Ex4 - For loop", "Ex4 - For loop", "{824F8895-AE4E-41B3-AD71-8AC865CC6918}"
EndProject
Project("{FAE04EC0-301F-11D3-BF4B-00C04F79EFBC}") = "P01.NumbersEndingIn7", "Ex4 - For loop\P01.NumbersEndingIn7\P01.NumbersEndingIn7.csproj", "{871AFB70-6FA0-40F7-BF45-A3D20F36D887}"
EndProject
Project("{FAE04EC0-301F-11D3-BF4B-00C04F79EFBC}") = "P02.HalfSumElement", "Ex4 - For loop\P02.HalfSumElement\P02.HalfSumElement.csproj", "{418C08CB-B53F-4C17-A2EB-6BAD7CEF944B}"
EndProject
Project("{FAE04EC0-301F-11D3-BF4B-00C04F79EFBC}") = "P03.Histogram", "Ex4 - For loop\P03.Histogram\P03.Histogram.csproj", "{3E271A5D-53F1-42CA-B00C-944DDF45BD48}"
EndProject
Project("{FAE04EC0-301F-11D3-BF4B-00C04F79EFBC}") = "P04.CleverLily", "Ex4 - For loop\P04.CleverLily\P04.CleverLily.csproj", "{5BA52B0C-F840-48B9-8FFB-B802231A3A22}"
EndProject
Project("{FAE04EC0-301F-11D3-BF4B-00C04F79EFBC}") = "P05.Salary", "Ex4 - For loop\P05.Salary\P05.Salary.csproj", "{4B3991C3-4791-431D-8A04-50940DF7BF14}"
EndProject
Project("{FAE04EC0-301F-11D3-BF4B-00C04F79EFBC}") = "P06.Oscars", "Lab4 - For loop\P06.Oscars\P06.Oscars.csproj", "{AE4B5E92-EEAC-474D-94C2-E6872F9AB44C}"
EndProject
Project("{FAE04EC0-301F-11D3-BF4B-00C04F79EFBC}") = "P07.TrekkingMania", "Ex4 - For loop\P07.TrekkingMania\P07.TrekkingMania.csproj", "{D9A798F5-C79B-49C7-A4A9-9FFDC3DBACCE}"
EndProject
Project("{FAE04EC0-301F-11D3-BF4B-00C04F79EFBC}") = "P08.TennisRanklist", "Ex4 - For loop\P08.TennisRanklist\P08.TennisRanklist.csproj", "{8A63C587-6DD7-4C16-AAFF-05E85225D889}"
EndProject
Global
	GlobalSection(SolutionConfigurationPlatforms) = preSolution
		Debug|Any CPU = Debug|Any CPU
		Release|Any CPU = Release|Any CPU
	EndGlobalSection
	GlobalSection(ProjectConfigurationPlatforms) = postSolution
		{D48618A6-06CE-4881-8367-F6A3A95B255C}.Debug|Any CPU.ActiveCfg = Debug|Any CPU
		{D48618A6-06CE-4881-8367-F6A3A95B255C}.Debug|Any CPU.Build.0 = Debug|Any CPU
		{D48618A6-06CE-4881-8367-F6A3A95B255C}.Release|Any CPU.ActiveCfg = Release|Any CPU
		{D48618A6-06CE-4881-8367-F6A3A95B255C}.Release|Any CPU.Build.0 = Release|Any CPU
		{56F02F87-B732-4C60-AF65-7FA36A089010}.Debug|Any CPU.ActiveCfg = Debug|Any CPU
		{56F02F87-B732-4C60-AF65-7FA36A089010}.Debug|Any CPU.Build.0 = Debug|Any CPU
		{56F02F87-B732-4C60-AF65-7FA36A089010}.Release|Any CPU.ActiveCfg = Release|Any CPU
		{56F02F87-B732-4C60-AF65-7FA36A089010}.Release|Any CPU.Build.0 = Release|Any CPU
		{7356BFF0-D322-43DF-9324-1AE4E44066A8}.Debug|Any CPU.ActiveCfg = Debug|Any CPU
		{7356BFF0-D322-43DF-9324-1AE4E44066A8}.Debug|Any CPU.Build.0 = Debug|Any CPU
		{7356BFF0-D322-43DF-9324-1AE4E44066A8}.Release|Any CPU.ActiveCfg = Release|Any CPU
		{7356BFF0-D322-43DF-9324-1AE4E44066A8}.Release|Any CPU.Build.0 = Release|Any CPU
		{FB7A400C-9BDE-4EB3-859A-F658F5130102}.Debug|Any CPU.ActiveCfg = Debug|Any CPU
		{FB7A400C-9BDE-4EB3-859A-F658F5130102}.Debug|Any CPU.Build.0 = Debug|Any CPU
		{FB7A400C-9BDE-4EB3-859A-F658F5130102}.Release|Any CPU.ActiveCfg = Release|Any CPU
		{FB7A400C-9BDE-4EB3-859A-F658F5130102}.Release|Any CPU.Build.0 = Release|Any CPU
		{6B451DF4-BF80-42A6-8D68-A7515F85A155}.Debug|Any CPU.ActiveCfg = Debug|Any CPU
		{6B451DF4-BF80-42A6-8D68-A7515F85A155}.Debug|Any CPU.Build.0 = Debug|Any CPU
		{6B451DF4-BF80-42A6-8D68-A7515F85A155}.Release|Any CPU.ActiveCfg = Release|Any CPU
		{6B451DF4-BF80-42A6-8D68-A7515F85A155}.Release|Any CPU.Build.0 = Release|Any CPU
		{C548B946-0988-4BF9-85C1-53E39898231E}.Debug|Any CPU.ActiveCfg = Debug|Any CPU
		{C548B946-0988-4BF9-85C1-53E39898231E}.Debug|Any CPU.Build.0 = Debug|Any CPU
		{C548B946-0988-4BF9-85C1-53E39898231E}.Release|Any CPU.ActiveCfg = Release|Any CPU
		{C548B946-0988-4BF9-85C1-53E39898231E}.Release|Any CPU.Build.0 = Release|Any CPU
		{304613C0-F8D7-4ADF-B94F-020E27E30B7D}.Debug|Any CPU.ActiveCfg = Debug|Any CPU
		{304613C0-F8D7-4ADF-B94F-020E27E30B7D}.Debug|Any CPU.Build.0 = Debug|Any CPU
		{304613C0-F8D7-4ADF-B94F-020E27E30B7D}.Release|Any CPU.ActiveCfg = Release|Any CPU
		{304613C0-F8D7-4ADF-B94F-020E27E30B7D}.Release|Any CPU.Build.0 = Release|Any CPU
		{DDC39569-7041-4704-BA12-D903B2FF78F3}.Debug|Any CPU.ActiveCfg = Debug|Any CPU
		{DDC39569-7041-4704-BA12-D903B2FF78F3}.Debug|Any CPU.Build.0 = Debug|Any CPU
		{DDC39569-7041-4704-BA12-D903B2FF78F3}.Release|Any CPU.ActiveCfg = Release|Any CPU
		{DDC39569-7041-4704-BA12-D903B2FF78F3}.Release|Any CPU.Build.0 = Release|Any CPU
		{34A76471-6ECA-472C-A5CC-09AE755F6758}.Debug|Any CPU.ActiveCfg = Debug|Any CPU
		{34A76471-6ECA-472C-A5CC-09AE755F6758}.Debug|Any CPU.Build.0 = Debug|Any CPU
		{34A76471-6ECA-472C-A5CC-09AE755F6758}.Release|Any CPU.ActiveCfg = Release|Any CPU
		{34A76471-6ECA-472C-A5CC-09AE755F6758}.Release|Any CPU.Build.0 = Release|Any CPU
		{28BCF642-DF1A-4D10-8161-DCC67CAA8197}.Debug|Any CPU.ActiveCfg = Debug|Any CPU
		{28BCF642-DF1A-4D10-8161-DCC67CAA8197}.Debug|Any CPU.Build.0 = Debug|Any CPU
		{28BCF642-DF1A-4D10-8161-DCC67CAA8197}.Release|Any CPU.ActiveCfg = Release|Any CPU
		{28BCF642-DF1A-4D10-8161-DCC67CAA8197}.Release|Any CPU.Build.0 = Release|Any CPU
		{80943FA3-952F-4193-93DF-6744DAEB7272}.Debug|Any CPU.ActiveCfg = Debug|Any CPU
		{80943FA3-952F-4193-93DF-6744DAEB7272}.Debug|Any CPU.Build.0 = Debug|Any CPU
		{80943FA3-952F-4193-93DF-6744DAEB7272}.Release|Any CPU.ActiveCfg = Release|Any CPU
		{80943FA3-952F-4193-93DF-6744DAEB7272}.Release|Any CPU.Build.0 = Release|Any CPU
		{943E7C65-E311-4C40-AEB1-4C2BDC4C6A3E}.Debug|Any CPU.ActiveCfg = Debug|Any CPU
		{943E7C65-E311-4C40-AEB1-4C2BDC4C6A3E}.Debug|Any CPU.Build.0 = Debug|Any CPU
		{943E7C65-E311-4C40-AEB1-4C2BDC4C6A3E}.Release|Any CPU.ActiveCfg = Release|Any CPU
		{943E7C65-E311-4C40-AEB1-4C2BDC4C6A3E}.Release|Any CPU.Build.0 = Release|Any CPU
		{D10B06B9-F66A-4FC5-84E6-AEC7921C20C9}.Debug|Any CPU.ActiveCfg = Debug|Any CPU
		{D10B06B9-F66A-4FC5-84E6-AEC7921C20C9}.Debug|Any CPU.Build.0 = Debug|Any CPU
		{D10B06B9-F66A-4FC5-84E6-AEC7921C20C9}.Release|Any CPU.ActiveCfg = Release|Any CPU
		{D10B06B9-F66A-4FC5-84E6-AEC7921C20C9}.Release|Any CPU.Build.0 = Release|Any CPU
		{17832B68-5433-4D96-9721-16D19EE651CB}.Debug|Any CPU.ActiveCfg = Debug|Any CPU
		{17832B68-5433-4D96-9721-16D19EE651CB}.Debug|Any CPU.Build.0 = Debug|Any CPU
		{17832B68-5433-4D96-9721-16D19EE651CB}.Release|Any CPU.ActiveCfg = Release|Any CPU
		{17832B68-5433-4D96-9721-16D19EE651CB}.Release|Any CPU.Build.0 = Release|Any CPU
		{F262666A-CCAF-472B-942C-28FE366853D6}.Debug|Any CPU.ActiveCfg = Debug|Any CPU
		{F262666A-CCAF-472B-942C-28FE366853D6}.Debug|Any CPU.Build.0 = Debug|Any CPU
		{F262666A-CCAF-472B-942C-28FE366853D6}.Release|Any CPU.ActiveCfg = Release|Any CPU
		{F262666A-CCAF-472B-942C-28FE366853D6}.Release|Any CPU.Build.0 = Release|Any CPU
		{6BD78061-DC25-442B-9ADC-E43C5CA03283}.Debug|Any CPU.ActiveCfg = Debug|Any CPU
		{6BD78061-DC25-442B-9ADC-E43C5CA03283}.Debug|Any CPU.Build.0 = Debug|Any CPU
		{6BD78061-DC25-442B-9ADC-E43C5CA03283}.Release|Any CPU.ActiveCfg = Release|Any CPU
		{6BD78061-DC25-442B-9ADC-E43C5CA03283}.Release|Any CPU.Build.0 = Release|Any CPU
		{D0FB6261-FBA2-4401-A420-5F8E1F83A754}.Debug|Any CPU.ActiveCfg = Debug|Any CPU
		{D0FB6261-FBA2-4401-A420-5F8E1F83A754}.Debug|Any CPU.Build.0 = Debug|Any CPU
		{D0FB6261-FBA2-4401-A420-5F8E1F83A754}.Release|Any CPU.ActiveCfg = Release|Any CPU
		{D0FB6261-FBA2-4401-A420-5F8E1F83A754}.Release|Any CPU.Build.0 = Release|Any CPU
		{17069B74-B9B3-4BA9-974D-619BB8F1636C}.Debug|Any CPU.ActiveCfg = Debug|Any CPU
		{17069B74-B9B3-4BA9-974D-619BB8F1636C}.Debug|Any CPU.Build.0 = Debug|Any CPU
		{17069B74-B9B3-4BA9-974D-619BB8F1636C}.Release|Any CPU.ActiveCfg = Release|Any CPU
		{17069B74-B9B3-4BA9-974D-619BB8F1636C}.Release|Any CPU.Build.0 = Release|Any CPU
		{D9B11C20-BBA0-4854-91C4-08A48DEF6617}.Debug|Any CPU.ActiveCfg = Debug|Any CPU
		{D9B11C20-BBA0-4854-91C4-08A48DEF6617}.Debug|Any CPU.Build.0 = Debug|Any CPU
		{D9B11C20-BBA0-4854-91C4-08A48DEF6617}.Release|Any CPU.ActiveCfg = Release|Any CPU
		{D9B11C20-BBA0-4854-91C4-08A48DEF6617}.Release|Any CPU.Build.0 = Release|Any CPU
		{4D892D65-E9CB-4814-8400-63E9DDBF6955}.Debug|Any CPU.ActiveCfg = Debug|Any CPU
		{4D892D65-E9CB-4814-8400-63E9DDBF6955}.Debug|Any CPU.Build.0 = Debug|Any CPU
		{4D892D65-E9CB-4814-8400-63E9DDBF6955}.Release|Any CPU.ActiveCfg = Release|Any CPU
		{4D892D65-E9CB-4814-8400-63E9DDBF6955}.Release|Any CPU.Build.0 = Release|Any CPU
		{0C78900D-46D8-4617-8D15-255D0EC11850}.Debug|Any CPU.ActiveCfg = Debug|Any CPU
		{0C78900D-46D8-4617-8D15-255D0EC11850}.Debug|Any CPU.Build.0 = Debug|Any CPU
		{0C78900D-46D8-4617-8D15-255D0EC11850}.Release|Any CPU.ActiveCfg = Release|Any CPU
		{0C78900D-46D8-4617-8D15-255D0EC11850}.Release|Any CPU.Build.0 = Release|Any CPU
		{ECE58721-F78E-4189-8092-734FD26B870D}.Debug|Any CPU.ActiveCfg = Debug|Any CPU
		{ECE58721-F78E-4189-8092-734FD26B870D}.Debug|Any CPU.Build.0 = Debug|Any CPU
		{ECE58721-F78E-4189-8092-734FD26B870D}.Release|Any CPU.ActiveCfg = Release|Any CPU
		{ECE58721-F78E-4189-8092-734FD26B870D}.Release|Any CPU.Build.0 = Release|Any CPU
		{FC9623A7-6454-43A9-B1DB-8D4FFB4C1848}.Debug|Any CPU.ActiveCfg = Debug|Any CPU
		{FC9623A7-6454-43A9-B1DB-8D4FFB4C1848}.Debug|Any CPU.Build.0 = Debug|Any CPU
		{FC9623A7-6454-43A9-B1DB-8D4FFB4C1848}.Release|Any CPU.ActiveCfg = Release|Any CPU
		{FC9623A7-6454-43A9-B1DB-8D4FFB4C1848}.Release|Any CPU.Build.0 = Release|Any CPU
		{2E276913-4820-4166-9669-C06D86C97FF8}.Debug|Any CPU.ActiveCfg = Debug|Any CPU
		{2E276913-4820-4166-9669-C06D86C97FF8}.Debug|Any CPU.Build.0 = Debug|Any CPU
		{2E276913-4820-4166-9669-C06D86C97FF8}.Release|Any CPU.ActiveCfg = Release|Any CPU
		{2E276913-4820-4166-9669-C06D86C97FF8}.Release|Any CPU.Build.0 = Release|Any CPU
		{2E4B2B69-A4C3-4936-8871-785AAC688379}.Debug|Any CPU.ActiveCfg = Debug|Any CPU
		{2E4B2B69-A4C3-4936-8871-785AAC688379}.Debug|Any CPU.Build.0 = Debug|Any CPU
		{2E4B2B69-A4C3-4936-8871-785AAC688379}.Release|Any CPU.ActiveCfg = Release|Any CPU
		{2E4B2B69-A4C3-4936-8871-785AAC688379}.Release|Any CPU.Build.0 = Release|Any CPU
		{53E99384-B628-4821-B4F2-840794DA9DC6}.Debug|Any CPU.ActiveCfg = Debug|Any CPU
		{53E99384-B628-4821-B4F2-840794DA9DC6}.Debug|Any CPU.Build.0 = Debug|Any CPU
		{53E99384-B628-4821-B4F2-840794DA9DC6}.Release|Any CPU.ActiveCfg = Release|Any CPU
		{53E99384-B628-4821-B4F2-840794DA9DC6}.Release|Any CPU.Build.0 = Release|Any CPU
		{617AF72E-6DA5-4588-A4B9-B975DF65693F}.Debug|Any CPU.ActiveCfg = Debug|Any CPU
		{617AF72E-6DA5-4588-A4B9-B975DF65693F}.Debug|Any CPU.Build.0 = Debug|Any CPU
		{617AF72E-6DA5-4588-A4B9-B975DF65693F}.Release|Any CPU.ActiveCfg = Release|Any CPU
		{617AF72E-6DA5-4588-A4B9-B975DF65693F}.Release|Any CPU.Build.0 = Release|Any CPU
		{6ED267B7-4389-409A-A66B-F1289117F8EB}.Debug|Any CPU.ActiveCfg = Debug|Any CPU
		{6ED267B7-4389-409A-A66B-F1289117F8EB}.Debug|Any CPU.Build.0 = Debug|Any CPU
		{6ED267B7-4389-409A-A66B-F1289117F8EB}.Release|Any CPU.ActiveCfg = Release|Any CPU
		{6ED267B7-4389-409A-A66B-F1289117F8EB}.Release|Any CPU.Build.0 = Release|Any CPU
		{EA983B69-096B-494C-93F5-1BFACFA729F5}.Debug|Any CPU.ActiveCfg = Debug|Any CPU
		{EA983B69-096B-494C-93F5-1BFACFA729F5}.Debug|Any CPU.Build.0 = Debug|Any CPU
		{EA983B69-096B-494C-93F5-1BFACFA729F5}.Release|Any CPU.ActiveCfg = Release|Any CPU
		{EA983B69-096B-494C-93F5-1BFACFA729F5}.Release|Any CPU.Build.0 = Release|Any CPU
		{FDC94AA7-C1BB-480D-9312-21E1077FE833}.Debug|Any CPU.ActiveCfg = Debug|Any CPU
		{FDC94AA7-C1BB-480D-9312-21E1077FE833}.Debug|Any CPU.Build.0 = Debug|Any CPU
		{FDC94AA7-C1BB-480D-9312-21E1077FE833}.Release|Any CPU.ActiveCfg = Release|Any CPU
		{FDC94AA7-C1BB-480D-9312-21E1077FE833}.Release|Any CPU.Build.0 = Release|Any CPU
		{540D4A9D-C8DF-44E9-936C-DD8707BB1432}.Debug|Any CPU.ActiveCfg = Debug|Any CPU
		{540D4A9D-C8DF-44E9-936C-DD8707BB1432}.Debug|Any CPU.Build.0 = Debug|Any CPU
		{540D4A9D-C8DF-44E9-936C-DD8707BB1432}.Release|Any CPU.ActiveCfg = Release|Any CPU
		{540D4A9D-C8DF-44E9-936C-DD8707BB1432}.Release|Any CPU.Build.0 = Release|Any CPU
		{B776649A-9FCA-43E1-9B44-94443B3B5F65}.Debug|Any CPU.ActiveCfg = Debug|Any CPU
		{B776649A-9FCA-43E1-9B44-94443B3B5F65}.Debug|Any CPU.Build.0 = Debug|Any CPU
		{B776649A-9FCA-43E1-9B44-94443B3B5F65}.Release|Any CPU.ActiveCfg = Release|Any CPU
		{B776649A-9FCA-43E1-9B44-94443B3B5F65}.Release|Any CPU.Build.0 = Release|Any CPU
		{D8A1F90D-FC66-457B-B0A9-DF83EC856660}.Debug|Any CPU.ActiveCfg = Debug|Any CPU
		{D8A1F90D-FC66-457B-B0A9-DF83EC856660}.Debug|Any CPU.Build.0 = Debug|Any CPU
		{D8A1F90D-FC66-457B-B0A9-DF83EC856660}.Release|Any CPU.ActiveCfg = Release|Any CPU
		{D8A1F90D-FC66-457B-B0A9-DF83EC856660}.Release|Any CPU.Build.0 = Release|Any CPU
		{4FCF6025-6FAB-430A-8A3A-CD4DCFFDE40E}.Debug|Any CPU.ActiveCfg = Debug|Any CPU
		{4FCF6025-6FAB-430A-8A3A-CD4DCFFDE40E}.Debug|Any CPU.Build.0 = Debug|Any CPU
		{4FCF6025-6FAB-430A-8A3A-CD4DCFFDE40E}.Release|Any CPU.ActiveCfg = Release|Any CPU
		{4FCF6025-6FAB-430A-8A3A-CD4DCFFDE40E}.Release|Any CPU.Build.0 = Release|Any CPU
		{764956E8-5A45-47B1-969D-D88CE312F83F}.Debug|Any CPU.ActiveCfg = Debug|Any CPU
		{764956E8-5A45-47B1-969D-D88CE312F83F}.Debug|Any CPU.Build.0 = Debug|Any CPU
		{764956E8-5A45-47B1-969D-D88CE312F83F}.Release|Any CPU.ActiveCfg = Release|Any CPU
		{764956E8-5A45-47B1-969D-D88CE312F83F}.Release|Any CPU.Build.0 = Release|Any CPU
		{70DEEFC7-F6FA-44CE-A8AA-63CBE17B0D37}.Debug|Any CPU.ActiveCfg = Debug|Any CPU
		{70DEEFC7-F6FA-44CE-A8AA-63CBE17B0D37}.Debug|Any CPU.Build.0 = Debug|Any CPU
		{70DEEFC7-F6FA-44CE-A8AA-63CBE17B0D37}.Release|Any CPU.ActiveCfg = Release|Any CPU
		{70DEEFC7-F6FA-44CE-A8AA-63CBE17B0D37}.Release|Any CPU.Build.0 = Release|Any CPU
		{D0EE8CD3-7CC0-429C-BF73-A00BBC8BED94}.Debug|Any CPU.ActiveCfg = Debug|Any CPU
		{D0EE8CD3-7CC0-429C-BF73-A00BBC8BED94}.Debug|Any CPU.Build.0 = Debug|Any CPU
		{D0EE8CD3-7CC0-429C-BF73-A00BBC8BED94}.Release|Any CPU.ActiveCfg = Release|Any CPU
		{D0EE8CD3-7CC0-429C-BF73-A00BBC8BED94}.Release|Any CPU.Build.0 = Release|Any CPU
		{1DF88094-3C0E-41B7-9F49-3D1E02B02335}.Debug|Any CPU.ActiveCfg = Debug|Any CPU
		{1DF88094-3C0E-41B7-9F49-3D1E02B02335}.Debug|Any CPU.Build.0 = Debug|Any CPU
		{1DF88094-3C0E-41B7-9F49-3D1E02B02335}.Release|Any CPU.ActiveCfg = Release|Any CPU
		{1DF88094-3C0E-41B7-9F49-3D1E02B02335}.Release|Any CPU.Build.0 = Release|Any CPU
		{13EA8D36-6311-4A35-9B42-28E69B7927DA}.Debug|Any CPU.ActiveCfg = Debug|Any CPU
		{13EA8D36-6311-4A35-9B42-28E69B7927DA}.Debug|Any CPU.Build.0 = Debug|Any CPU
		{13EA8D36-6311-4A35-9B42-28E69B7927DA}.Release|Any CPU.ActiveCfg = Release|Any CPU
		{13EA8D36-6311-4A35-9B42-28E69B7927DA}.Release|Any CPU.Build.0 = Release|Any CPU
		{3100EC4A-1F74-4A20-A85A-61E3CCF184E9}.Debug|Any CPU.ActiveCfg = Debug|Any CPU
		{3100EC4A-1F74-4A20-A85A-61E3CCF184E9}.Debug|Any CPU.Build.0 = Debug|Any CPU
		{3100EC4A-1F74-4A20-A85A-61E3CCF184E9}.Release|Any CPU.ActiveCfg = Release|Any CPU
		{3100EC4A-1F74-4A20-A85A-61E3CCF184E9}.Release|Any CPU.Build.0 = Release|Any CPU
		{BBADB09A-9FDA-4644-8ACA-687F6559C9A1}.Debug|Any CPU.ActiveCfg = Debug|Any CPU
		{BBADB09A-9FDA-4644-8ACA-687F6559C9A1}.Debug|Any CPU.Build.0 = Debug|Any CPU
		{BBADB09A-9FDA-4644-8ACA-687F6559C9A1}.Release|Any CPU.ActiveCfg = Release|Any CPU
		{BBADB09A-9FDA-4644-8ACA-687F6559C9A1}.Release|Any CPU.Build.0 = Release|Any CPU
		{B0F34C6F-9921-4BDD-BDF2-61B8F905DD7F}.Debug|Any CPU.ActiveCfg = Debug|Any CPU
		{B0F34C6F-9921-4BDD-BDF2-61B8F905DD7F}.Debug|Any CPU.Build.0 = Debug|Any CPU
		{B0F34C6F-9921-4BDD-BDF2-61B8F905DD7F}.Release|Any CPU.ActiveCfg = Release|Any CPU
		{B0F34C6F-9921-4BDD-BDF2-61B8F905DD7F}.Release|Any CPU.Build.0 = Release|Any CPU
		{721E02FC-7077-4A32-B7AF-05DABB55169E}.Debug|Any CPU.ActiveCfg = Debug|Any CPU
		{721E02FC-7077-4A32-B7AF-05DABB55169E}.Debug|Any CPU.Build.0 = Debug|Any CPU
		{721E02FC-7077-4A32-B7AF-05DABB55169E}.Release|Any CPU.ActiveCfg = Release|Any CPU
		{721E02FC-7077-4A32-B7AF-05DABB55169E}.Release|Any CPU.Build.0 = Release|Any CPU
		{34127C61-9F0B-4204-B113-C8990BE57729}.Debug|Any CPU.ActiveCfg = Debug|Any CPU
		{34127C61-9F0B-4204-B113-C8990BE57729}.Debug|Any CPU.Build.0 = Debug|Any CPU
		{34127C61-9F0B-4204-B113-C8990BE57729}.Release|Any CPU.ActiveCfg = Release|Any CPU
		{34127C61-9F0B-4204-B113-C8990BE57729}.Release|Any CPU.Build.0 = Release|Any CPU
		{32446C8E-F447-46EA-8A97-BBA78B8B0AB0}.Debug|Any CPU.ActiveCfg = Debug|Any CPU
		{32446C8E-F447-46EA-8A97-BBA78B8B0AB0}.Debug|Any CPU.Build.0 = Debug|Any CPU
		{32446C8E-F447-46EA-8A97-BBA78B8B0AB0}.Release|Any CPU.ActiveCfg = Release|Any CPU
		{32446C8E-F447-46EA-8A97-BBA78B8B0AB0}.Release|Any CPU.Build.0 = Release|Any CPU
		{EADA0E75-1FB2-4DB1-BA97-4CF21A279164}.Debug|Any CPU.ActiveCfg = Debug|Any CPU
		{EADA0E75-1FB2-4DB1-BA97-4CF21A279164}.Debug|Any CPU.Build.0 = Debug|Any CPU
		{EADA0E75-1FB2-4DB1-BA97-4CF21A279164}.Release|Any CPU.ActiveCfg = Release|Any CPU
		{EADA0E75-1FB2-4DB1-BA97-4CF21A279164}.Release|Any CPU.Build.0 = Release|Any CPU
		{457CC49A-CE2D-444A-A991-51A415B4FC13}.Debug|Any CPU.ActiveCfg = Debug|Any CPU
		{457CC49A-CE2D-444A-A991-51A415B4FC13}.Debug|Any CPU.Build.0 = Debug|Any CPU
		{457CC49A-CE2D-444A-A991-51A415B4FC13}.Release|Any CPU.ActiveCfg = Release|Any CPU
		{457CC49A-CE2D-444A-A991-51A415B4FC13}.Release|Any CPU.Build.0 = Release|Any CPU
		{9A32731D-FC63-4199-8613-235D55CA19AB}.Debug|Any CPU.ActiveCfg = Debug|Any CPU
		{9A32731D-FC63-4199-8613-235D55CA19AB}.Debug|Any CPU.Build.0 = Debug|Any CPU
		{9A32731D-FC63-4199-8613-235D55CA19AB}.Release|Any CPU.ActiveCfg = Release|Any CPU
		{9A32731D-FC63-4199-8613-235D55CA19AB}.Release|Any CPU.Build.0 = Release|Any CPU
		{5A39F74A-80E6-42DF-B2C0-8B7DDE2B7BC0}.Debug|Any CPU.ActiveCfg = Debug|Any CPU
		{5A39F74A-80E6-42DF-B2C0-8B7DDE2B7BC0}.Debug|Any CPU.Build.0 = Debug|Any CPU
		{5A39F74A-80E6-42DF-B2C0-8B7DDE2B7BC0}.Release|Any CPU.ActiveCfg = Release|Any CPU
		{5A39F74A-80E6-42DF-B2C0-8B7DDE2B7BC0}.Release|Any CPU.Build.0 = Release|Any CPU
		{9BBA3108-BE18-4DEC-8520-E72114AB7D79}.Debug|Any CPU.ActiveCfg = Debug|Any CPU
		{9BBA3108-BE18-4DEC-8520-E72114AB7D79}.Debug|Any CPU.Build.0 = Debug|Any CPU
		{9BBA3108-BE18-4DEC-8520-E72114AB7D79}.Release|Any CPU.ActiveCfg = Release|Any CPU
		{9BBA3108-BE18-4DEC-8520-E72114AB7D79}.Release|Any CPU.Build.0 = Release|Any CPU
		{385C4513-D7D2-4908-9244-D382711E8994}.Debug|Any CPU.ActiveCfg = Debug|Any CPU
		{385C4513-D7D2-4908-9244-D382711E8994}.Debug|Any CPU.Build.0 = Debug|Any CPU
		{385C4513-D7D2-4908-9244-D382711E8994}.Release|Any CPU.ActiveCfg = Release|Any CPU
		{385C4513-D7D2-4908-9244-D382711E8994}.Release|Any CPU.Build.0 = Release|Any CPU
		{E1C129A1-2151-4806-8CC1-91601A50B573}.Debug|Any CPU.ActiveCfg = Debug|Any CPU
		{E1C129A1-2151-4806-8CC1-91601A50B573}.Debug|Any CPU.Build.0 = Debug|Any CPU
		{E1C129A1-2151-4806-8CC1-91601A50B573}.Release|Any CPU.ActiveCfg = Release|Any CPU
		{E1C129A1-2151-4806-8CC1-91601A50B573}.Release|Any CPU.Build.0 = Release|Any CPU
		{5641C7B0-20F4-4419-B4CA-4CC867480BF6}.Debug|Any CPU.ActiveCfg = Debug|Any CPU
		{5641C7B0-20F4-4419-B4CA-4CC867480BF6}.Debug|Any CPU.Build.0 = Debug|Any CPU
		{5641C7B0-20F4-4419-B4CA-4CC867480BF6}.Release|Any CPU.ActiveCfg = Release|Any CPU
		{5641C7B0-20F4-4419-B4CA-4CC867480BF6}.Release|Any CPU.Build.0 = Release|Any CPU
		{8BA1DF96-5A2B-46BA-954B-25B3909B1D82}.Debug|Any CPU.ActiveCfg = Debug|Any CPU
		{8BA1DF96-5A2B-46BA-954B-25B3909B1D82}.Debug|Any CPU.Build.0 = Debug|Any CPU
		{8BA1DF96-5A2B-46BA-954B-25B3909B1D82}.Release|Any CPU.ActiveCfg = Release|Any CPU
		{8BA1DF96-5A2B-46BA-954B-25B3909B1D82}.Release|Any CPU.Build.0 = Release|Any CPU
		{AD78E452-61AC-4529-8DCA-3D477CD355A9}.Debug|Any CPU.ActiveCfg = Debug|Any CPU
		{AD78E452-61AC-4529-8DCA-3D477CD355A9}.Debug|Any CPU.Build.0 = Debug|Any CPU
		{AD78E452-61AC-4529-8DCA-3D477CD355A9}.Release|Any CPU.ActiveCfg = Release|Any CPU
		{AD78E452-61AC-4529-8DCA-3D477CD355A9}.Release|Any CPU.Build.0 = Release|Any CPU
		{0A60DC23-D2B8-48DF-8317-8F08B2F64194}.Debug|Any CPU.ActiveCfg = Debug|Any CPU
		{0A60DC23-D2B8-48DF-8317-8F08B2F64194}.Debug|Any CPU.Build.0 = Debug|Any CPU
		{0A60DC23-D2B8-48DF-8317-8F08B2F64194}.Release|Any CPU.ActiveCfg = Release|Any CPU
		{0A60DC23-D2B8-48DF-8317-8F08B2F64194}.Release|Any CPU.Build.0 = Release|Any CPU
		{4F929D8A-FE35-4A59-A6DC-85A2B3CC2210}.Debug|Any CPU.ActiveCfg = Debug|Any CPU
		{4F929D8A-FE35-4A59-A6DC-85A2B3CC2210}.Debug|Any CPU.Build.0 = Debug|Any CPU
		{4F929D8A-FE35-4A59-A6DC-85A2B3CC2210}.Release|Any CPU.ActiveCfg = Release|Any CPU
		{4F929D8A-FE35-4A59-A6DC-85A2B3CC2210}.Release|Any CPU.Build.0 = Release|Any CPU
		{E92609AB-29C5-4022-930C-0EFF2C4C95F3}.Debug|Any CPU.ActiveCfg = Debug|Any CPU
		{E92609AB-29C5-4022-930C-0EFF2C4C95F3}.Debug|Any CPU.Build.0 = Debug|Any CPU
		{E92609AB-29C5-4022-930C-0EFF2C4C95F3}.Release|Any CPU.ActiveCfg = Release|Any CPU
		{E92609AB-29C5-4022-930C-0EFF2C4C95F3}.Release|Any CPU.Build.0 = Release|Any CPU
		{08A58681-C0F7-4D05-B779-0B6189CC72BA}.Debug|Any CPU.ActiveCfg = Debug|Any CPU
		{08A58681-C0F7-4D05-B779-0B6189CC72BA}.Debug|Any CPU.Build.0 = Debug|Any CPU
		{08A58681-C0F7-4D05-B779-0B6189CC72BA}.Release|Any CPU.ActiveCfg = Release|Any CPU
		{08A58681-C0F7-4D05-B779-0B6189CC72BA}.Release|Any CPU.Build.0 = Release|Any CPU
		{636B6B9C-ED18-4F97-97DF-8F181F74628C}.Debug|Any CPU.ActiveCfg = Debug|Any CPU
		{636B6B9C-ED18-4F97-97DF-8F181F74628C}.Debug|Any CPU.Build.0 = Debug|Any CPU
		{636B6B9C-ED18-4F97-97DF-8F181F74628C}.Release|Any CPU.ActiveCfg = Release|Any CPU
		{636B6B9C-ED18-4F97-97DF-8F181F74628C}.Release|Any CPU.Build.0 = Release|Any CPU
		{CC4EA0E0-10C5-4397-9B92-2DD336075AF1}.Debug|Any CPU.ActiveCfg = Debug|Any CPU
		{CC4EA0E0-10C5-4397-9B92-2DD336075AF1}.Debug|Any CPU.Build.0 = Debug|Any CPU
		{CC4EA0E0-10C5-4397-9B92-2DD336075AF1}.Release|Any CPU.ActiveCfg = Release|Any CPU
		{CC4EA0E0-10C5-4397-9B92-2DD336075AF1}.Release|Any CPU.Build.0 = Release|Any CPU
		{B9347304-18A1-408E-90C5-DDC6ACDBC0D4}.Debug|Any CPU.ActiveCfg = Debug|Any CPU
		{B9347304-18A1-408E-90C5-DDC6ACDBC0D4}.Debug|Any CPU.Build.0 = Debug|Any CPU
		{B9347304-18A1-408E-90C5-DDC6ACDBC0D4}.Release|Any CPU.ActiveCfg = Release|Any CPU
		{B9347304-18A1-408E-90C5-DDC6ACDBC0D4}.Release|Any CPU.Build.0 = Release|Any CPU
		{2254D00B-9F41-4262-8F20-C410EE2B8369}.Debug|Any CPU.ActiveCfg = Debug|Any CPU
		{2254D00B-9F41-4262-8F20-C410EE2B8369}.Debug|Any CPU.Build.0 = Debug|Any CPU
		{2254D00B-9F41-4262-8F20-C410EE2B8369}.Release|Any CPU.ActiveCfg = Release|Any CPU
		{2254D00B-9F41-4262-8F20-C410EE2B8369}.Release|Any CPU.Build.0 = Release|Any CPU
		{9DA42093-344D-4AF4-837D-F99AC0061C25}.Debug|Any CPU.ActiveCfg = Debug|Any CPU
		{9DA42093-344D-4AF4-837D-F99AC0061C25}.Debug|Any CPU.Build.0 = Debug|Any CPU
		{9DA42093-344D-4AF4-837D-F99AC0061C25}.Release|Any CPU.ActiveCfg = Release|Any CPU
		{9DA42093-344D-4AF4-837D-F99AC0061C25}.Release|Any CPU.Build.0 = Release|Any CPU
		{871AFB70-6FA0-40F7-BF45-A3D20F36D887}.Debug|Any CPU.ActiveCfg = Debug|Any CPU
		{871AFB70-6FA0-40F7-BF45-A3D20F36D887}.Debug|Any CPU.Build.0 = Debug|Any CPU
		{871AFB70-6FA0-40F7-BF45-A3D20F36D887}.Release|Any CPU.ActiveCfg = Release|Any CPU
		{871AFB70-6FA0-40F7-BF45-A3D20F36D887}.Release|Any CPU.Build.0 = Release|Any CPU
		{418C08CB-B53F-4C17-A2EB-6BAD7CEF944B}.Debug|Any CPU.ActiveCfg = Debug|Any CPU
		{418C08CB-B53F-4C17-A2EB-6BAD7CEF944B}.Debug|Any CPU.Build.0 = Debug|Any CPU
		{418C08CB-B53F-4C17-A2EB-6BAD7CEF944B}.Release|Any CPU.ActiveCfg = Release|Any CPU
		{418C08CB-B53F-4C17-A2EB-6BAD7CEF944B}.Release|Any CPU.Build.0 = Release|Any CPU
		{3E271A5D-53F1-42CA-B00C-944DDF45BD48}.Debug|Any CPU.ActiveCfg = Debug|Any CPU
		{3E271A5D-53F1-42CA-B00C-944DDF45BD48}.Debug|Any CPU.Build.0 = Debug|Any CPU
		{3E271A5D-53F1-42CA-B00C-944DDF45BD48}.Release|Any CPU.ActiveCfg = Release|Any CPU
		{3E271A5D-53F1-42CA-B00C-944DDF45BD48}.Release|Any CPU.Build.0 = Release|Any CPU
		{5BA52B0C-F840-48B9-8FFB-B802231A3A22}.Debug|Any CPU.ActiveCfg = Debug|Any CPU
		{5BA52B0C-F840-48B9-8FFB-B802231A3A22}.Debug|Any CPU.Build.0 = Debug|Any CPU
		{5BA52B0C-F840-48B9-8FFB-B802231A3A22}.Release|Any CPU.ActiveCfg = Release|Any CPU
		{5BA52B0C-F840-48B9-8FFB-B802231A3A22}.Release|Any CPU.Build.0 = Release|Any CPU
		{4B3991C3-4791-431D-8A04-50940DF7BF14}.Debug|Any CPU.ActiveCfg = Debug|Any CPU
		{4B3991C3-4791-431D-8A04-50940DF7BF14}.Debug|Any CPU.Build.0 = Debug|Any CPU
		{4B3991C3-4791-431D-8A04-50940DF7BF14}.Release|Any CPU.ActiveCfg = Release|Any CPU
		{4B3991C3-4791-431D-8A04-50940DF7BF14}.Release|Any CPU.Build.0 = Release|Any CPU
		{AE4B5E92-EEAC-474D-94C2-E6872F9AB44C}.Debug|Any CPU.ActiveCfg = Debug|Any CPU
		{AE4B5E92-EEAC-474D-94C2-E6872F9AB44C}.Debug|Any CPU.Build.0 = Debug|Any CPU
		{AE4B5E92-EEAC-474D-94C2-E6872F9AB44C}.Release|Any CPU.ActiveCfg = Release|Any CPU
		{AE4B5E92-EEAC-474D-94C2-E6872F9AB44C}.Release|Any CPU.Build.0 = Release|Any CPU
		{D9A798F5-C79B-49C7-A4A9-9FFDC3DBACCE}.Debug|Any CPU.ActiveCfg = Debug|Any CPU
		{D9A798F5-C79B-49C7-A4A9-9FFDC3DBACCE}.Debug|Any CPU.Build.0 = Debug|Any CPU
		{D9A798F5-C79B-49C7-A4A9-9FFDC3DBACCE}.Release|Any CPU.ActiveCfg = Release|Any CPU
		{D9A798F5-C79B-49C7-A4A9-9FFDC3DBACCE}.Release|Any CPU.Build.0 = Release|Any CPU
		{8A63C587-6DD7-4C16-AAFF-05E85225D889}.Debug|Any CPU.ActiveCfg = Debug|Any CPU
		{8A63C587-6DD7-4C16-AAFF-05E85225D889}.Debug|Any CPU.Build.0 = Debug|Any CPU
		{8A63C587-6DD7-4C16-AAFF-05E85225D889}.Release|Any CPU.ActiveCfg = Release|Any CPU
		{8A63C587-6DD7-4C16-AAFF-05E85225D889}.Release|Any CPU.Build.0 = Release|Any CPU
	EndGlobalSection
	GlobalSection(SolutionProperties) = preSolution
		HideSolutionNode = FALSE
	EndGlobalSection
	GlobalSection(NestedProjects) = preSolution
		{D48618A6-06CE-4881-8367-F6A3A95B255C} = {80716974-0D15-4FC0-B4F3-E708A282F05E}
		{56F02F87-B732-4C60-AF65-7FA36A089010} = {80716974-0D15-4FC0-B4F3-E708A282F05E}
		{7356BFF0-D322-43DF-9324-1AE4E44066A8} = {80716974-0D15-4FC0-B4F3-E708A282F05E}
		{FB7A400C-9BDE-4EB3-859A-F658F5130102} = {80716974-0D15-4FC0-B4F3-E708A282F05E}
		{6B451DF4-BF80-42A6-8D68-A7515F85A155} = {80716974-0D15-4FC0-B4F3-E708A282F05E}
		{C548B946-0988-4BF9-85C1-53E39898231E} = {80716974-0D15-4FC0-B4F3-E708A282F05E}
		{304613C0-F8D7-4ADF-B94F-020E27E30B7D} = {80716974-0D15-4FC0-B4F3-E708A282F05E}
		{DDC39569-7041-4704-BA12-D903B2FF78F3} = {22C1D154-EC2E-46A5-9E05-66977D92D77A}
		{34A76471-6ECA-472C-A5CC-09AE755F6758} = {22C1D154-EC2E-46A5-9E05-66977D92D77A}
		{28BCF642-DF1A-4D10-8161-DCC67CAA8197} = {80716974-0D15-4FC0-B4F3-E708A282F05E}
		{80943FA3-952F-4193-93DF-6744DAEB7272} = {80716974-0D15-4FC0-B4F3-E708A282F05E}
		{943E7C65-E311-4C40-AEB1-4C2BDC4C6A3E} = {22C1D154-EC2E-46A5-9E05-66977D92D77A}
		{D10B06B9-F66A-4FC5-84E6-AEC7921C20C9} = {22C1D154-EC2E-46A5-9E05-66977D92D77A}
		{17832B68-5433-4D96-9721-16D19EE651CB} = {22C1D154-EC2E-46A5-9E05-66977D92D77A}
		{F262666A-CCAF-472B-942C-28FE366853D6} = {22C1D154-EC2E-46A5-9E05-66977D92D77A}
		{6BD78061-DC25-442B-9ADC-E43C5CA03283} = {22C1D154-EC2E-46A5-9E05-66977D92D77A}
		{D0FB6261-FBA2-4401-A420-5F8E1F83A754} = {22C1D154-EC2E-46A5-9E05-66977D92D77A}
		{17069B74-B9B3-4BA9-974D-619BB8F1636C} = {22C1D154-EC2E-46A5-9E05-66977D92D77A}
		{D9B11C20-BBA0-4854-91C4-08A48DEF6617} = {0FE21B0A-8E54-4D75-A5EA-5A9245ABFA4D}
		{4D892D65-E9CB-4814-8400-63E9DDBF6955} = {0FE21B0A-8E54-4D75-A5EA-5A9245ABFA4D}
		{0C78900D-46D8-4617-8D15-255D0EC11850} = {0FE21B0A-8E54-4D75-A5EA-5A9245ABFA4D}
		{ECE58721-F78E-4189-8092-734FD26B870D} = {0FE21B0A-8E54-4D75-A5EA-5A9245ABFA4D}
		{FC9623A7-6454-43A9-B1DB-8D4FFB4C1848} = {0FE21B0A-8E54-4D75-A5EA-5A9245ABFA4D}
		{2E276913-4820-4166-9669-C06D86C97FF8} = {0FE21B0A-8E54-4D75-A5EA-5A9245ABFA4D}
		{2E4B2B69-A4C3-4936-8871-785AAC688379} = {0FE21B0A-8E54-4D75-A5EA-5A9245ABFA4D}
		{53E99384-B628-4821-B4F2-840794DA9DC6} = {8572BEED-00E8-4151-8420-DA4598C6CD97}
		{617AF72E-6DA5-4588-A4B9-B975DF65693F} = {8572BEED-00E8-4151-8420-DA4598C6CD97}
		{6ED267B7-4389-409A-A66B-F1289117F8EB} = {8572BEED-00E8-4151-8420-DA4598C6CD97}
		{EA983B69-096B-494C-93F5-1BFACFA729F5} = {8572BEED-00E8-4151-8420-DA4598C6CD97}
		{FDC94AA7-C1BB-480D-9312-21E1077FE833} = {8572BEED-00E8-4151-8420-DA4598C6CD97}
		{540D4A9D-C8DF-44E9-936C-DD8707BB1432} = {8572BEED-00E8-4151-8420-DA4598C6CD97}
		{B776649A-9FCA-43E1-9B44-94443B3B5F65} = {8572BEED-00E8-4151-8420-DA4598C6CD97}
		{D8A1F90D-FC66-457B-B0A9-DF83EC856660} = {8572BEED-00E8-4151-8420-DA4598C6CD97}
		{4FCF6025-6FAB-430A-8A3A-CD4DCFFDE40E} = {02691048-62E7-4259-A689-AC0BCB826BB1}
		{764956E8-5A45-47B1-969D-D88CE312F83F} = {02691048-62E7-4259-A689-AC0BCB826BB1}
		{70DEEFC7-F6FA-44CE-A8AA-63CBE17B0D37} = {02691048-62E7-4259-A689-AC0BCB826BB1}
		{D0EE8CD3-7CC0-429C-BF73-A00BBC8BED94} = {02691048-62E7-4259-A689-AC0BCB826BB1}
		{1DF88094-3C0E-41B7-9F49-3D1E02B02335} = {02691048-62E7-4259-A689-AC0BCB826BB1}
		{13EA8D36-6311-4A35-9B42-28E69B7927DA} = {02691048-62E7-4259-A689-AC0BCB826BB1}
		{3100EC4A-1F74-4A20-A85A-61E3CCF184E9} = {02691048-62E7-4259-A689-AC0BCB826BB1}
		{BBADB09A-9FDA-4644-8ACA-687F6559C9A1} = {02691048-62E7-4259-A689-AC0BCB826BB1}
		{B0F34C6F-9921-4BDD-BDF2-61B8F905DD7F} = {02691048-62E7-4259-A689-AC0BCB826BB1}
		{721E02FC-7077-4A32-B7AF-05DABB55169E} = {02691048-62E7-4259-A689-AC0BCB826BB1}
		{34127C61-9F0B-4204-B113-C8990BE57729} = {02691048-62E7-4259-A689-AC0BCB826BB1}
		{32446C8E-F447-46EA-8A97-BBA78B8B0AB0} = {02691048-62E7-4259-A689-AC0BCB826BB1}
		{EADA0E75-1FB2-4DB1-BA97-4CF21A279164} = {38569C0D-8C51-4C7A-8E6A-CCAF75C3B42D}
		{457CC49A-CE2D-444A-A991-51A415B4FC13} = {38569C0D-8C51-4C7A-8E6A-CCAF75C3B42D}
		{9A32731D-FC63-4199-8613-235D55CA19AB} = {38569C0D-8C51-4C7A-8E6A-CCAF75C3B42D}
		{5A39F74A-80E6-42DF-B2C0-8B7DDE2B7BC0} = {38569C0D-8C51-4C7A-8E6A-CCAF75C3B42D}
		{9BBA3108-BE18-4DEC-8520-E72114AB7D79} = {38569C0D-8C51-4C7A-8E6A-CCAF75C3B42D}
		{385C4513-D7D2-4908-9244-D382711E8994} = {38569C0D-8C51-4C7A-8E6A-CCAF75C3B42D}
		{E1C129A1-2151-4806-8CC1-91601A50B573} = {38569C0D-8C51-4C7A-8E6A-CCAF75C3B42D}
		{5641C7B0-20F4-4419-B4CA-4CC867480BF6} = {38569C0D-8C51-4C7A-8E6A-CCAF75C3B42D}
		{8BA1DF96-5A2B-46BA-954B-25B3909B1D82} = {38569C0D-8C51-4C7A-8E6A-CCAF75C3B42D}
		{AD78E452-61AC-4529-8DCA-3D477CD355A9} = {5BA2A2D2-6224-4333-94A8-A5C82A4CA718}
		{0A60DC23-D2B8-48DF-8317-8F08B2F64194} = {5BA2A2D2-6224-4333-94A8-A5C82A4CA718}
		{4F929D8A-FE35-4A59-A6DC-85A2B3CC2210} = {5BA2A2D2-6224-4333-94A8-A5C82A4CA718}
		{E92609AB-29C5-4022-930C-0EFF2C4C95F3} = {5BA2A2D2-6224-4333-94A8-A5C82A4CA718}
		{08A58681-C0F7-4D05-B779-0B6189CC72BA} = {5BA2A2D2-6224-4333-94A8-A5C82A4CA718}
		{636B6B9C-ED18-4F97-97DF-8F181F74628C} = {5BA2A2D2-6224-4333-94A8-A5C82A4CA718}
		{CC4EA0E0-10C5-4397-9B92-2DD336075AF1} = {5BA2A2D2-6224-4333-94A8-A5C82A4CA718}
		{B9347304-18A1-408E-90C5-DDC6ACDBC0D4} = {5BA2A2D2-6224-4333-94A8-A5C82A4CA718}
		{2254D00B-9F41-4262-8F20-C410EE2B8369} = {5BA2A2D2-6224-4333-94A8-A5C82A4CA718}
		{9DA42093-344D-4AF4-837D-F99AC0061C25} = {5BA2A2D2-6224-4333-94A8-A5C82A4CA718}
		{871AFB70-6FA0-40F7-BF45-A3D20F36D887} = {824F8895-AE4E-41B3-AD71-8AC865CC6918}
		{418C08CB-B53F-4C17-A2EB-6BAD7CEF944B} = {824F8895-AE4E-41B3-AD71-8AC865CC6918}
		{3E271A5D-53F1-42CA-B00C-944DDF45BD48} = {824F8895-AE4E-41B3-AD71-8AC865CC6918}
		{5BA52B0C-F840-48B9-8FFB-B802231A3A22} = {824F8895-AE4E-41B3-AD71-8AC865CC6918}
		{4B3991C3-4791-431D-8A04-50940DF7BF14} = {824F8895-AE4E-41B3-AD71-8AC865CC6918}
		{AE4B5E92-EEAC-474D-94C2-E6872F9AB44C} = {824F8895-AE4E-41B3-AD71-8AC865CC6918}
		{D9A798F5-C79B-49C7-A4A9-9FFDC3DBACCE} = {824F8895-AE4E-41B3-AD71-8AC865CC6918}
		{8A63C587-6DD7-4C16-AAFF-05E85225D889} = {824F8895-AE4E-41B3-AD71-8AC865CC6918}
	EndGlobalSection
	GlobalSection(ExtensibilityGlobals) = postSolution
		SolutionGuid = {7463C435-5F0E-4D00-BF51-C83EAFBA4088}
	EndGlobalSection
EndGlobal
