
Microsoft Visual Studio Solution File, Format Version 12.00
# Visual Studio Version 16
VisualStudioVersion = 16.0.32510.428
MinimumVisualStudioVersion = 10.0.40219.1
Project("{9A19103F-16F7-4668-BE54-9A1E7A4F7556}") = "P01.SortNumbers", "P01.SortNumbers\P01.SortNumbers.csproj", "{BB76389A-71F3-478A-B485-6717C75B98BC}"
EndProject
Project("{9A19103F-16F7-4668-BE54-9A1E7A4F7556}") = "P02.EnglishNameOfTheLastDigit", "P02.EnglishNameOfTheLastDigit\P02.EnglishNameOfTheLastDigit.csproj", "{2F239470-4A5A-4E74-B64A-B15E172BD49D}"
EndProject
Project("{9A19103F-16F7-4668-BE54-9A1E7A4F7556}") = "P03.GamingStore", "P03.GamingStore\P03.GamingStore.csproj", "{BF4EC9A9-B9AB-4E4F-A1F9-A4AECD7E8142}"
EndProject
Project("{FAE04EC0-301F-11D3-BF4B-00C04F79EFBC}") = "P04.ReverseString", "P04.ReverseString\P04.ReverseString.csproj", "{8227837F-A678-48CC-818B-67BA1042FF63}"
EndProject
Project("{FAE04EC0-301F-11D3-BF4B-00C04F79EFBC}") = "P05.Messages", "P05.Messages\P05.Messages.csproj", "{91048990-947B-4901-89FE-3617A61DC8F5}"
EndProject
Global
	GlobalSection(SolutionConfigurationPlatforms) = preSolution
		Debug|Any CPU = Debug|Any CPU
		Release|Any CPU = Release|Any CPU
	EndGlobalSection
	GlobalSection(ProjectConfigurationPlatforms) = postSolution
		{BB76389A-71F3-478A-B485-6717C75B98BC}.Debug|Any CPU.ActiveCfg = Debug|Any CPU
		{BB76389A-71F3-478A-B485-6717C75B98BC}.Debug|Any CPU.Build.0 = Debug|Any CPU
		{BB76389A-71F3-478A-B485-6717C75B98BC}.Release|Any CPU.ActiveCfg = Release|Any CPU
		{BB76389A-71F3-478A-B485-6717C75B98BC}.Release|Any CPU.Build.0 = Release|Any CPU
		{2F239470-4A5A-4E74-B64A-B15E172BD49D}.Debug|Any CPU.ActiveCfg = Debug|Any CPU
		{2F239470-4A5A-4E74-B64A-B15E172BD49D}.Debug|Any CPU.Build.0 = Debug|Any CPU
		{2F239470-4A5A-4E74-B64A-B15E172BD49D}.Release|Any CPU.ActiveCfg = Release|Any CPU
		{2F239470-4A5A-4E74-B64A-B15E172BD49D}.Release|Any CPU.Build.0 = Release|Any CPU
		{BF4EC9A9-B9AB-4E4F-A1F9-A4AECD7E8142}.Debug|Any CPU.ActiveCfg = Debug|Any CPU
		{BF4EC9A9-B9AB-4E4F-A1F9-A4AECD7E8142}.Debug|Any CPU.Build.0 = Debug|Any CPU
		{BF4EC9A9-B9AB-4E4F-A1F9-A4AECD7E8142}.Release|Any CPU.ActiveCfg = Release|Any CPU
		{BF4EC9A9-B9AB-4E4F-A1F9-A4AECD7E8142}.Release|Any CPU.Build.0 = Release|Any CPU
		{8227837F-A678-48CC-818B-67BA1042FF63}.Debug|Any CPU.ActiveCfg = Debug|Any CPU
		{8227837F-A678-48CC-818B-67BA1042FF63}.Debug|Any CPU.Build.0 = Debug|Any CPU
		{8227837F-A678-48CC-818B-67BA1042FF63}.Release|Any CPU.ActiveCfg = Release|Any CPU
		{8227837F-A678-48CC-818B-67BA1042FF63}.Release|Any CPU.Build.0 = Release|Any CPU
		{91048990-947B-4901-89FE-3617A61DC8F5}.Debug|Any CPU.ActiveCfg = Debug|Any CPU
		{91048990-947B-4901-89FE-3617A61DC8F5}.Debug|Any CPU.Build.0 = Debug|Any CPU
		{91048990-947B-4901-89FE-3617A61DC8F5}.Release|Any CPU.ActiveCfg = Release|Any CPU
		{91048990-947B-4901-89FE-3617A61DC8F5}.Release|Any CPU.Build.0 = Release|Any CPU
	EndGlobalSection
	GlobalSection(SolutionProperties) = preSolution
		HideSolutionNode = FALSE
	EndGlobalSection
	GlobalSection(ExtensibilityGlobals) = postSolution
		SolutionGuid = {3278D3C4-9E83-45E6-9FE7-83C5645E9522}
	EndGlobalSection
EndGlobal
