
Microsoft Visual Studio Solution File, Format Version 12.00
# Visual Studio Version 17
VisualStudioVersion = 17.3.32929.385
MinimumVisualStudioVersion = 10.0.40219.1
Project("{FAE04EC0-301F-11D3-BF4B-00C04F79EFBC}") = "MathOperations", "MathOperations\MathOperations.csproj", "{26DD2540-06BB-4559-B8FC-8E8F3495C729}"
EndProject
Project("{FAE04EC0-301F-11D3-BF4B-00C04F79EFBC}") = "Animals", "Animals\Animals.csproj", "{A94D6ED5-1A06-4363-AFA0-580F7812D5BC}"
EndProject
Project("{FAE04EC0-301F-11D3-BF4B-00C04F79EFBC}") = "Shapes", "Shapes\Shapes.csproj", "{D78C7210-AEDA-4C2D-A337-9671741EC96C}"
EndProject
Global
	GlobalSection(SolutionConfigurationPlatforms) = preSolution
		Debug|Any CPU = Debug|Any CPU
		Release|Any CPU = Release|Any CPU
	EndGlobalSection
	GlobalSection(ProjectConfigurationPlatforms) = postSolution
		{26DD2540-06BB-4559-B8FC-8E8F3495C729}.Debug|Any CPU.ActiveCfg = Debug|Any CPU
		{26DD2540-06BB-4559-B8FC-8E8F3495C729}.Debug|Any CPU.Build.0 = Debug|Any CPU
		{26DD2540-06BB-4559-B8FC-8E8F3495C729}.Release|Any CPU.ActiveCfg = Release|Any CPU
		{26DD2540-06BB-4559-B8FC-8E8F3495C729}.Release|Any CPU.Build.0 = Release|Any CPU
		{A94D6ED5-1A06-4363-AFA0-580F7812D5BC}.Debug|Any CPU.ActiveCfg = Debug|Any CPU
		{A94D6ED5-1A06-4363-AFA0-580F7812D5BC}.Debug|Any CPU.Build.0 = Debug|Any CPU
		{A94D6ED5-1A06-4363-AFA0-580F7812D5BC}.Release|Any CPU.ActiveCfg = Release|Any CPU
		{A94D6ED5-1A06-4363-AFA0-580F7812D5BC}.Release|Any CPU.Build.0 = Release|Any CPU
		{D78C7210-AEDA-4C2D-A337-9671741EC96C}.Debug|Any CPU.ActiveCfg = Debug|Any CPU
		{D78C7210-AEDA-4C2D-A337-9671741EC96C}.Debug|Any CPU.Build.0 = Debug|Any CPU
		{D78C7210-AEDA-4C2D-A337-9671741EC96C}.Release|Any CPU.ActiveCfg = Release|Any CPU
		{D78C7210-AEDA-4C2D-A337-9671741EC96C}.Release|Any CPU.Build.0 = Release|Any CPU
	EndGlobalSection
	GlobalSection(SolutionProperties) = preSolution
		HideSolutionNode = FALSE
	EndGlobalSection
	GlobalSection(ExtensibilityGlobals) = postSolution
		SolutionGuid = {C23EFCB7-25C5-4A2B-AD20-5E5A95DD9441}
	EndGlobalSection
EndGlobal
