
Microsoft Visual Studio Solution File, Format Version 12.00
# Visual Studio Version 17
VisualStudioVersion = 17.3.32929.385
MinimumVisualStudioVersion = 10.0.40219.1
Project("{FAE04EC0-301F-11D3-BF4B-00C04F79EFBC}") = "ClimbThePeaks", "ClimbThePeaks\ClimbThePeaks.csproj", "{8E6E777F-EFAD-4EB1-9FFB-3874433C4618}"
EndProject
Project("{FAE04EC0-301F-11D3-BF4B-00C04F79EFBC}") = "NavyBattle", "NavyBattle\NavyBattle.csproj", "{36D474EB-CAD8-4BB9-B0B6-B46D84CCBD5B}"
EndProject
Project("{9A19103F-16F7-4668-BE54-9A1E7A4F7556}") = "ShoeStore", "ShoeStore\ShoeStore.csproj", "{7BCF6BBF-3E53-4A64-AF17-F8248FBB9552}"
EndProject
Global
	GlobalSection(SolutionConfigurationPlatforms) = preSolution
		Debug|Any CPU = Debug|Any CPU
		Release|Any CPU = Release|Any CPU
	EndGlobalSection
	GlobalSection(ProjectConfigurationPlatforms) = postSolution
		{8E6E777F-EFAD-4EB1-9FFB-3874433C4618}.Debug|Any CPU.ActiveCfg = Debug|Any CPU
		{8E6E777F-EFAD-4EB1-9FFB-3874433C4618}.Debug|Any CPU.Build.0 = Debug|Any CPU
		{8E6E777F-EFAD-4EB1-9FFB-3874433C4618}.Release|Any CPU.ActiveCfg = Release|Any CPU
		{8E6E777F-EFAD-4EB1-9FFB-3874433C4618}.Release|Any CPU.Build.0 = Release|Any CPU
		{36D474EB-CAD8-4BB9-B0B6-B46D84CCBD5B}.Debug|Any CPU.ActiveCfg = Debug|Any CPU
		{36D474EB-CAD8-4BB9-B0B6-B46D84CCBD5B}.Debug|Any CPU.Build.0 = Debug|Any CPU
		{36D474EB-CAD8-4BB9-B0B6-B46D84CCBD5B}.Release|Any CPU.ActiveCfg = Release|Any CPU
		{36D474EB-CAD8-4BB9-B0B6-B46D84CCBD5B}.Release|Any CPU.Build.0 = Release|Any CPU
		{7BCF6BBF-3E53-4A64-AF17-F8248FBB9552}.Debug|Any CPU.ActiveCfg = Debug|Any CPU
		{7BCF6BBF-3E53-4A64-AF17-F8248FBB9552}.Debug|Any CPU.Build.0 = Debug|Any CPU
		{7BCF6BBF-3E53-4A64-AF17-F8248FBB9552}.Release|Any CPU.ActiveCfg = Release|Any CPU
		{7BCF6BBF-3E53-4A64-AF17-F8248FBB9552}.Release|Any CPU.Build.0 = Release|Any CPU
	EndGlobalSection
	GlobalSection(SolutionProperties) = preSolution
		HideSolutionNode = FALSE
	EndGlobalSection
	GlobalSection(ExtensibilityGlobals) = postSolution
		SolutionGuid = {51415DF6-5899-4F92-ADF7-A3E1F12775EE}
	EndGlobalSection
EndGlobal
