
Microsoft Visual Studio Solution File, Format Version 12.00
# Visual Studio Version 17
VisualStudioVersion = 17.3.32929.385
MinimumVisualStudioVersion = 10.0.40219.1
Project("{FAE04EC0-301F-11D3-BF4B-00C04F79EFBC}") = "IteratorsAndComparators", "IteratorsAndComparators\IteratorsAndComparators.csproj", "{C609CFC4-B4D5-47C7-845F-130CD9659BF9}"
EndProject
Global
	GlobalSection(SolutionConfigurationPlatforms) = preSolution
		Debug|Any CPU = Debug|Any CPU
		Release|Any CPU = Release|Any CPU
	EndGlobalSection
	GlobalSection(ProjectConfigurationPlatforms) = postSolution
		{C609CFC4-B4D5-47C7-845F-130CD9659BF9}.Debug|Any CPU.ActiveCfg = Debug|Any CPU
		{C609CFC4-B4D5-47C7-845F-130CD9659BF9}.Debug|Any CPU.Build.0 = Debug|Any CPU
		{C609CFC4-B4D5-47C7-845F-130CD9659BF9}.Release|Any CPU.ActiveCfg = Release|Any CPU
		{C609CFC4-B4D5-47C7-845F-130CD9659BF9}.Release|Any CPU.Build.0 = Release|Any CPU
	EndGlobalSection
	GlobalSection(SolutionProperties) = preSolution
		HideSolutionNode = FALSE
	EndGlobalSection
	GlobalSection(ExtensibilityGlobals) = postSolution
		SolutionGuid = {985B0351-D14E-4A98-B8C6-53248D4E0BDD}
	EndGlobalSection
EndGlobal
