
Microsoft Visual Studio Solution File, Format Version 12.00
# Visual Studio Version 17
VisualStudioVersion = 17.3.32929.385
MinimumVisualStudioVersion = 10.0.40219.1
Project("{FAE04EC0-301F-11D3-BF4B-00C04F79EFBC}") = "Stealer", "Stealer\Stealer.csproj", "{FA426A74-E763-44B5-8857-EFE41185DA61}"
EndProject
Project("{FAE04EC0-301F-11D3-BF4B-00C04F79EFBC}") = "AuthorProblem", "AuthorProblem\AuthorProblem.csproj", "{9849B631-A0EB-4D65-AFF5-86FB47BC5D39}"
EndProject
Global
	GlobalSection(SolutionConfigurationPlatforms) = preSolution
		Debug|Any CPU = Debug|Any CPU
		Release|Any CPU = Release|Any CPU
	EndGlobalSection
	GlobalSection(ProjectConfigurationPlatforms) = postSolution
		{FA426A74-E763-44B5-8857-EFE41185DA61}.Debug|Any CPU.ActiveCfg = Debug|Any CPU
		{FA426A74-E763-44B5-8857-EFE41185DA61}.Debug|Any CPU.Build.0 = Debug|Any CPU
		{FA426A74-E763-44B5-8857-EFE41185DA61}.Release|Any CPU.ActiveCfg = Release|Any CPU
		{FA426A74-E763-44B5-8857-EFE41185DA61}.Release|Any CPU.Build.0 = Release|Any CPU
		{9849B631-A0EB-4D65-AFF5-86FB47BC5D39}.Debug|Any CPU.ActiveCfg = Debug|Any CPU
		{9849B631-A0EB-4D65-AFF5-86FB47BC5D39}.Debug|Any CPU.Build.0 = Debug|Any CPU
		{9849B631-A0EB-4D65-AFF5-86FB47BC5D39}.Release|Any CPU.ActiveCfg = Release|Any CPU
		{9849B631-A0EB-4D65-AFF5-86FB47BC5D39}.Release|Any CPU.Build.0 = Release|Any CPU
	EndGlobalSection
	GlobalSection(SolutionProperties) = preSolution
		HideSolutionNode = FALSE
	EndGlobalSection
	GlobalSection(ExtensibilityGlobals) = postSolution
		SolutionGuid = {FCA03E1F-B8DD-4BB8-967D-176D7FD11DEE}
	EndGlobalSection
EndGlobal
