
Microsoft Visual Studio Solution File, Format Version 12.00
# Visual Studio Version 17
VisualStudioVersion = 17.3.32929.385
MinimumVisualStudioVersion = 10.0.40219.1
Project("{FAE04EC0-301F-11D3-BF4B-00C04F79EFBC}") = "P01.Reverse Strings", "P01.Reverse Strings\P01.Reverse Strings.csproj", "{5479684B-DE54-4397-9020-124C6D7C744D}"
EndProject
Project("{FAE04EC0-301F-11D3-BF4B-00C04F79EFBC}") = "P02.Repeat Strings", "P02.Repeat Strings\P02.Repeat Strings.csproj", "{49574422-47CF-4A03-89CC-DCB46294F5EC}"
EndProject
Project("{FAE04EC0-301F-11D3-BF4B-00C04F79EFBC}") = "P03.Substring", "P03.Substring\P03.Substring.csproj", "{C3A43C70-8A2D-4A31-B6FA-FB29FD5350AD}"
EndProject
Project("{FAE04EC0-301F-11D3-BF4B-00C04F79EFBC}") = "P04.TextFilter", "P04.TextFilter\P04.TextFilter.csproj", "{C2D8F16A-EEF5-4F8B-B3C4-E8FE01091F52}"
EndProject
Project("{FAE04EC0-301F-11D3-BF4B-00C04F79EFBC}") = "P05.DigitsLettersAndOther", "P05.DigitsLettersAndOther\P05.DigitsLettersAndOther.csproj", "{CC384FAD-0DD7-45F4-99E9-16CD096FF18A}"
EndProject
Global
	GlobalSection(SolutionConfigurationPlatforms) = preSolution
		Debug|Any CPU = Debug|Any CPU
		Release|Any CPU = Release|Any CPU
	EndGlobalSection
	GlobalSection(ProjectConfigurationPlatforms) = postSolution
		{5479684B-DE54-4397-9020-124C6D7C744D}.Debug|Any CPU.ActiveCfg = Debug|Any CPU
		{5479684B-DE54-4397-9020-124C6D7C744D}.Debug|Any CPU.Build.0 = Debug|Any CPU
		{5479684B-DE54-4397-9020-124C6D7C744D}.Release|Any CPU.ActiveCfg = Release|Any CPU
		{5479684B-DE54-4397-9020-124C6D7C744D}.Release|Any CPU.Build.0 = Release|Any CPU
		{49574422-47CF-4A03-89CC-DCB46294F5EC}.Debug|Any CPU.ActiveCfg = Debug|Any CPU
		{49574422-47CF-4A03-89CC-DCB46294F5EC}.Debug|Any CPU.Build.0 = Debug|Any CPU
		{49574422-47CF-4A03-89CC-DCB46294F5EC}.Release|Any CPU.ActiveCfg = Release|Any CPU
		{49574422-47CF-4A03-89CC-DCB46294F5EC}.Release|Any CPU.Build.0 = Release|Any CPU
		{C3A43C70-8A2D-4A31-B6FA-FB29FD5350AD}.Debug|Any CPU.ActiveCfg = Debug|Any CPU
		{C3A43C70-8A2D-4A31-B6FA-FB29FD5350AD}.Debug|Any CPU.Build.0 = Debug|Any CPU
		{C3A43C70-8A2D-4A31-B6FA-FB29FD5350AD}.Release|Any CPU.ActiveCfg = Release|Any CPU
		{C3A43C70-8A2D-4A31-B6FA-FB29FD5350AD}.Release|Any CPU.Build.0 = Release|Any CPU
		{C2D8F16A-EEF5-4F8B-B3C4-E8FE01091F52}.Debug|Any CPU.ActiveCfg = Debug|Any CPU
		{C2D8F16A-EEF5-4F8B-B3C4-E8FE01091F52}.Debug|Any CPU.Build.0 = Debug|Any CPU
		{C2D8F16A-EEF5-4F8B-B3C4-E8FE01091F52}.Release|Any CPU.ActiveCfg = Release|Any CPU
		{C2D8F16A-EEF5-4F8B-B3C4-E8FE01091F52}.Release|Any CPU.Build.0 = Release|Any CPU
		{CC384FAD-0DD7-45F4-99E9-16CD096FF18A}.Debug|Any CPU.ActiveCfg = Debug|Any CPU
		{CC384FAD-0DD7-45F4-99E9-16CD096FF18A}.Debug|Any CPU.Build.0 = Debug|Any CPU
		{CC384FAD-0DD7-45F4-99E9-16CD096FF18A}.Release|Any CPU.ActiveCfg = Release|Any CPU
		{CC384FAD-0DD7-45F4-99E9-16CD096FF18A}.Release|Any CPU.Build.0 = Release|Any CPU
	EndGlobalSection
	GlobalSection(SolutionProperties) = preSolution
		HideSolutionNode = FALSE
	EndGlobalSection
	GlobalSection(ExtensibilityGlobals) = postSolution
		SolutionGuid = {A609C9AA-F245-46C7-877A-51B09F48BABD}
	EndGlobalSection
EndGlobal
